// !$*UTF8*$!
{
	archiveVersion = 1;
	classes = {
	};
	objectVersion = 54;
	objects = {

/* Begin PBXBuildFile section */
		2E0482C52882597500C69D08 /* DBXARUtils.m in Sources */ = {isa = PBXBuildFile; fileRef = 2E0482C42882597500C69D08 /* DBXARUtils.m */; };
		2E0482C8288259D200C69D08 /* UIView+DBXAR.m in Sources */ = {isa = PBXBuildFile; fileRef = 2E0482C7288259D200C69D08 /* UIView+DBXAR.m */; };
		2E0482CC2882C13100C69D08 /* TextAutoReportImpl.m in Sources */ = {isa = PBXBuildFile; fileRef = 2E0482CB2882C13100C69D08 /* TextAutoReportImpl.m */; };
		2E0482D5288BFADF00C69D08 /* DBXViewUtils.m in Sources */ = {isa = PBXBuildFile; fileRef = 2E0482D4288BFADF00C69D08 /* DBXViewUtils.m */; };
		2E67BF64289688280024839C /* UIGestureRecognizer+DBXAR.m in Sources */ = {isa = PBXBuildFile; fileRef = 2E67BF63289688280024839C /* UIGestureRecognizer+DBXAR.m */; };
		2E67BF6728968CD40024839C /* DBXGestureTarget.m in Sources */ = {isa = PBXBuildFile; fileRef = 2E67BF6628968CD40024839C /* DBXGestureTarget.m */; };
		2E70D2C62933165F00ED8B9E /* DBXChainTask.m in Sources */ = {isa = PBXBuildFile; fileRef = 2E70D2C52933165F00ED8B9E /* DBXChainTask.m */; };
		2E95C2732691C9FD00A2801A /* AppDelegate.m in Sources */ = {isa = PBXBuildFile; fileRef = 2E95C2722691C9FD00A2801A /* AppDelegate.m */; };
		2E95C2792691C9FD00A2801A /* ViewController.m in Sources */ = {isa = PBXBuildFile; fileRef = 2E95C2782691C9FD00A2801A /* ViewController.m */; };
		2E95C27C2691C9FD00A2801A /* Main.storyboard in Resources */ = {isa = PBXBuildFile; fileRef = 2E95C27A2691C9FD00A2801A /* Main.storyboard */; };
		2E95C27E2691CA0100A2801A /* Assets.xcassets in Resources */ = {isa = PBXBuildFile; fileRef = 2E95C27D2691CA0100A2801A /* Assets.xcassets */; };
		2E95C2812691CA0100A2801A /* LaunchScreen.storyboard in Resources */ = {isa = PBXBuildFile; fileRef = 2E95C27F2691CA0100A2801A /* LaunchScreen.storyboard */; };
		2E95C2842691CA0100A2801A /* main.m in Sources */ = {isa = PBXBuildFile; fileRef = 2E95C2832691CA0100A2801A /* main.m */; };
		2EF739A8287AC793007B2A95 /* UIView+DBXCore.m in Sources */ = {isa = PBXBuildFile; fileRef = 2EF739A7287AC793007B2A95 /* UIView+DBXCore.m */; };
		2EF739AC287AD405007B2A95 /* DBXAutoReportManager.m in Sources */ = {isa = PBXBuildFile; fileRef = 2EF739AB287AD405007B2A95 /* DBXAutoReportManager.m */; };
		70E96505CCF9CA9A13017130 /* Pods_DBXKit.framework in Frameworks */ = {isa = PBXBuildFile; fileRef = B641B5D2372CF2AE0559F1E1 /* Pods_DBXKit.framework */; };
		C81B0DE92C674F77006A6452 /* DBXRuntimeUtils.m in Sources */ = {isa = PBXBuildFile; fileRef = C81B0DE82C674F77006A6452 /* DBXRuntimeUtils.m */; };
		C81B0DEC2C689F37006A6452 /* NSInvocation+DBX.m in Sources */ = {isa = PBXBuildFile; fileRef = C81B0DEA2C689F37006A6452 /* NSInvocation+DBX.m */; };
		C81B0DEF2C68A051006A6452 /* DBXUnit.m in Sources */ = {isa = PBXBuildFile; fileRef = C81B0DEE2C68A051006A6452 /* DBXUnit.m */; };
		C828F8D32C5B548800F43AF5 /* DBXLog.m in Sources */ = {isa = PBXBuildFile; fileRef = C828F8D22C5B548800F43AF5 /* DBXLog.m */; };
		C82D325A2E0536CF00A3FAAC /* DBXGuard.m in Sources */ = {isa = PBXBuildFile; fileRef = C82D32592E0536CF00A3FAAC /* DBXGuard.m */; };
		C85C1A9F2AC5720800842EF6 /* NSAttributedString+dbx.m in Sources */ = {isa = PBXBuildFile; fileRef = C85C1A9E2AC5720800842EF6 /* NSAttributedString+dbx.m */; };
		C864D8EE2B53B77C007D11E8 /* DBXSyringViewController.m in Sources */ = {isa = PBXBuildFile; fileRef = C864D8ED2B53B77C007D11E8 /* DBXSyringViewController.m */; };
		C864D8F12B53B85A007D11E8 /* MySyringInterface.m in Sources */ = {isa = PBXBuildFile; fileRef = C864D8EF2B53B85A007D11E8 /* MySyringInterface.m */; };
		C864D8F42B53B88A007D11E8 /* People.m in Sources */ = {isa = PBXBuildFile; fileRef = C864D8F22B53B88A007D11E8 /* People.m */; };
		C864D8F72B53B8AF007D11E8 /* Animal.m in Sources */ = {isa = PBXBuildFile; fileRef = C864D8F52B53B8AF007D11E8 /* Animal.m */; };
		C8767EE0269E869B005C0B2C /* MnaLabelsView.m in Sources */ = {isa = PBXBuildFile; fileRef = C8767EDE269E869B005C0B2C /* MnaLabelsView.m */; };
		C8767EE7269E898E005C0B2C /* DBXTextCollectionViewCell.m in Sources */ = {isa = PBXBuildFile; fileRef = C8767EE6269E898E005C0B2C /* DBXTextCollectionViewCell.m */; };
		C87C67C12D91ADC900D9E71A /* DBXStubs.m in Sources */ = {isa = PBXBuildFile; fileRef = C87C67C02D91ADC900D9E71A /* DBXStubs.m */; };
		C87C67C42D91AFC200D9E71A /* DBXStubsURLProtocol.m in Sources */ = {isa = PBXBuildFile; fileRef = C87C67C32D91AFC200D9E71A /* DBXStubsURLProtocol.m */; };
		C87C67CA2D91BEEC00D9E71A /* DBXStubsResponse.m in Sources */ = {isa = PBXBuildFile; fileRef = C87C67C92D91BEEC00D9E71A /* DBXStubsResponse.m */; };
		C87C67CD2D984CB000D9E71A /* DBXStubTests.m in Sources */ = {isa = PBXBuildFile; fileRef = C87C67CC2D984CB000D9E71A /* DBXStubTests.m */; };
		C87C67CF2D984E4000D9E71A /* StubsJsonTests.geojson in Resources */ = {isa = PBXBuildFile; fileRef = C87C67CE2D984E4000D9E71A /* StubsJsonTests.geojson */; };
		C87C67D12D9EE58100D9E71A /* testforStub.pdf in Resources */ = {isa = PBXBuildFile; fileRef = C87C67D02D9EE58100D9E71A /* testforStub.pdf */; };
		C87C67D62DA4229F00D9E71A /* DBXTestHookADViewController.m in Sources */ = {isa = PBXBuildFile; fileRef = C87C67D52DA4229F00D9E71A /* DBXTestHookADViewController.m */; };
		C87C67D92DA4246600D9E71A /* DBXADInjector.m in Sources */ = {isa = PBXBuildFile; fileRef = C87C67D82DA4246600D9E71A /* DBXADInjector.m */; };
		C880A6252B5EC298008C9C36 /* DBXDebounce.m in Sources */ = {isa = PBXBuildFile; fileRef = C880A6242B5EC298008C9C36 /* DBXDebounce.m */; };
		C880A62B2B64F0EB008C9C36 /* DBXDebounceDealloc.m in Sources */ = {isa = PBXBuildFile; fileRef = C880A62A2B64F0EB008C9C36 /* DBXDebounceDealloc.m */; };
		C880A62E2B66ADEF008C9C36 /* DBXDebounceViewController.m in Sources */ = {isa = PBXBuildFile; fileRef = C880A62D2B66ADEF008C9C36 /* DBXDebounceViewController.m */; };
		C881793026958BC900656441 /* NSObject+dbx_modelValue.m in Sources */ = {isa = PBXBuildFile; fileRef = C881792C26958BC900656441 /* NSObject+dbx_modelValue.m */; };
		C881793126958BC900656441 /* NSDictionary+dbx_valuePath.m in Sources */ = {isa = PBXBuildFile; fileRef = C881792D26958BC900656441 /* NSDictionary+dbx_valuePath.m */; };
		C8A5A7F62AD4EAA600643495 /* NSObject+PropertyObserver.m in Sources */ = {isa = PBXBuildFile; fileRef = C8A5A7F52AD4EAA600643495 /* NSObject+PropertyObserver.m */; };
		C8A5A7F92AD4F34B00643495 /* DBXTextModel.m in Sources */ = {isa = PBXBuildFile; fileRef = C8A5A7F82AD4F34B00643495 /* DBXTextModel.m */; };
		C8A606102C38470F00959C8E /* DBXKitTests.m in Sources */ = {isa = PBXBuildFile; fileRef = C8A6060F2C38470F00959C8E /* DBXKitTests.m */; };
		C8BF50692BD49BED0032721C /* DBXTaskQueueViewController.m in Sources */ = {isa = PBXBuildFile; fileRef = C8BF50682BD49BED0032721C /* DBXTaskQueueViewController.m */; };
		C8C2362C287FAD8600AD75F1 /* NSObject+DBXRuntime.m in Sources */ = {isa = PBXBuildFile; fileRef = C8C2362B287FAD8600AD75F1 /* NSObject+DBXRuntime.m */; };
		C8C2362F287FAF7A00AD75F1 /* UIApplication+DBXAR.m in Sources */ = {isa = PBXBuildFile; fileRef = C8C2362E287FAF7A00AD75F1 /* UIApplication+DBXAR.m */; };
		C8D09D812E0945BA0012E036 /* DBXGuardTests.m in Sources */ = {isa = PBXBuildFile; fileRef = C8D09D802E0945BA0012E036 /* DBXGuardTests.m */; };
		C8DB31CF293A26F500090C61 /* DBXOperate.m in Sources */ = {isa = PBXBuildFile; fileRef = C8DB31CE293A26F500090C61 /* DBXOperate.m */; };
		C8DD74A628D30DC000E08AA1 /* DBXTaskTimerManager.m in Sources */ = {isa = PBXBuildFile; fileRef = C8DD74A428D30DC000E08AA1 /* DBXTaskTimerManager.m */; };
		C8DD74A928D30F1D00E08AA1 /* DBXTaskQueueManager.m in Sources */ = {isa = PBXBuildFile; fileRef = C8DD74A728D30F1D00E08AA1 /* DBXTaskQueueManager.m */; };
		C8EA514C2C64E5D900CACE45 /* DBXTrack.m in Sources */ = {isa = PBXBuildFile; fileRef = C8EA514B2C64E5D900CACE45 /* DBXTrack.m */; };
		C8EA514F2C64EF2700CACE45 /* DBXTrackTarget.m in Sources */ = {isa = PBXBuildFile; fileRef = C8EA514E2C64EF2700CACE45 /* DBXTrackTarget.m */; };
		C8F301602B40616C00524BEE /* DBXChainViewController.m in Sources */ = {isa = PBXBuildFile; fileRef = C8F3015F2B40616C00524BEE /* DBXChainViewController.m */; };
		C8F301622B40656E00524BEE /* testConfig.plist in Resources */ = {isa = PBXBuildFile; fileRef = C8F301612B40656E00524BEE /* testConfig.plist */; };
		C8F301682B40704800524BEE /* DBXBaseViewController.m in Sources */ = {isa = PBXBuildFile; fileRef = C8F301672B40704800524BEE /* DBXBaseViewController.m */; };
		C8F3016C2B4074E100524BEE /* DBXChainVC.xib in Resources */ = {isa = PBXBuildFile; fileRef = C8F3016B2B4074E100524BEE /* DBXChainVC.xib */; };
		C8F3016F2B41690F00524BEE /* DBXLabelsTestViewController.m in Sources */ = {isa = PBXBuildFile; fileRef = C8F3016E2B41690F00524BEE /* DBXLabelsTestViewController.m */; };
		C8F301802B4A9CDB00524BEE /* DBXSyringeInterface.m in Sources */ = {isa = PBXBuildFile; fileRef = C8F301712B4A9CDB00524BEE /* DBXSyringeInterface.m */; };
		C8F301812B4A9CDB00524BEE /* DBXSyringeInject.m in Sources */ = {isa = PBXBuildFile; fileRef = C8F301722B4A9CDB00524BEE /* DBXSyringeInject.m */; };
		C8F301822B4A9CDB00524BEE /* DBXSyringeFactory.m in Sources */ = {isa = PBXBuildFile; fileRef = C8F301742B4A9CDB00524BEE /* DBXSyringeFactory.m */; };
		C8F301832B4A9CDB00524BEE /* DBXSyringeTmpArgument.m in Sources */ = {isa = PBXBuildFile; fileRef = C8F301752B4A9CDB00524BEE /* DBXSyringeTmpArgument.m */; };
		C8F301842B4A9CDB00524BEE /* DBXSyringeMethod.m in Sources */ = {isa = PBXBuildFile; fileRef = C8F301762B4A9CDB00524BEE /* DBXSyringeMethod.m */; };
		C8F301862B4A9CDB00524BEE /* DBXSyringeInterface+DBXSy.m in Sources */ = {isa = PBXBuildFile; fileRef = C8F3017A2B4A9CDB00524BEE /* DBXSyringeInterface+DBXSy.m */; };
		C8F569902C55EDDC008100D7 /* DBXConfig.m in Sources */ = {isa = PBXBuildFile; fileRef = C8F5698F2C55EDDC008100D7 /* DBXConfig.m */; };
		C8FA14342C5B56FA002F6B4A /* UIView+dbx_clickedArea.m in Sources */ = {isa = PBXBuildFile; fileRef = C8FA14322C5B56FA002F6B4A /* UIView+dbx_clickedArea.m */; };
		C8FA14352C5B56FA002F6B4A /* UIView+dbx_clickedArea.m in Sources */ = {isa = PBXBuildFile; fileRef = C8FA14322C5B56FA002F6B4A /* UIView+dbx_clickedArea.m */; };
/* End PBXBuildFile section */

/* Begin PBXContainerItemProxy section */
		C8A606042C3844A100959C8E /* PBXContainerItemProxy */ = {
			isa = PBXContainerItemProxy;
			containerPortal = 2E95C2662691C9FD00A2801A /* Project object */;
			proxyType = 1;
			remoteGlobalIDString = 2E95C26D2691C9FD00A2801A;
			remoteInfo = DBXKit;
		};
		C8A606112C38470F00959C8E /* PBXContainerItemProxy */ = {
			isa = PBXContainerItemProxy;
			containerPortal = 2E95C2662691C9FD00A2801A /* Project object */;
			proxyType = 1;
			remoteGlobalIDString = 2E95C26D2691C9FD00A2801A;
			remoteInfo = DBXKit;
		};
/* End PBXContainerItemProxy section */

/* Begin PBXFileReference section */
		1713F4135C3BA6C761A8A128 /* Pods-DBXKit.release.xcconfig */ = {isa = PBXFileReference; includeInIndex = 1; lastKnownFileType = text.xcconfig; name = "Pods-DBXKit.release.xcconfig"; path = "Target Support Files/Pods-DBXKit/Pods-DBXKit.release.xcconfig"; sourceTree = "<group>"; };
		2E0482C32882597500C69D08 /* DBXARUtils.h */ = {isa = PBXFileReference; lastKnownFileType = sourcecode.c.h; path = DBXARUtils.h; sourceTree = "<group>"; };
		2E0482C42882597500C69D08 /* DBXARUtils.m */ = {isa = PBXFileReference; lastKnownFileType = sourcecode.c.objc; path = DBXARUtils.m; sourceTree = "<group>"; };
		2E0482C6288259D200C69D08 /* UIView+DBXAR.h */ = {isa = PBXFileReference; lastKnownFileType = sourcecode.c.h; path = "UIView+DBXAR.h"; sourceTree = "<group>"; };
		2E0482C7288259D200C69D08 /* UIView+DBXAR.m */ = {isa = PBXFileReference; lastKnownFileType = sourcecode.c.objc; path = "UIView+DBXAR.m"; sourceTree = "<group>"; };
		2E0482C92882BD2600C69D08 /* DBXAutoReport.h */ = {isa = PBXFileReference; lastKnownFileType = sourcecode.c.h; path = DBXAutoReport.h; sourceTree = "<group>"; };
		2E0482CA2882C13100C69D08 /* TextAutoReportImpl.h */ = {isa = PBXFileReference; lastKnownFileType = sourcecode.c.h; path = TextAutoReportImpl.h; sourceTree = "<group>"; };
		2E0482CB2882C13100C69D08 /* TextAutoReportImpl.m */ = {isa = PBXFileReference; lastKnownFileType = sourcecode.c.objc; path = TextAutoReportImpl.m; sourceTree = "<group>"; };
		2E0482D3288BFADF00C69D08 /* DBXViewUtils.h */ = {isa = PBXFileReference; lastKnownFileType = sourcecode.c.h; path = DBXViewUtils.h; sourceTree = "<group>"; };
		2E0482D4288BFADF00C69D08 /* DBXViewUtils.m */ = {isa = PBXFileReference; lastKnownFileType = sourcecode.c.objc; path = DBXViewUtils.m; sourceTree = "<group>"; };
		2E0E8FF9287B035500E12B42 /* DBXExtension.h */ = {isa = PBXFileReference; lastKnownFileType = sourcecode.c.h; path = DBXExtension.h; sourceTree = "<group>"; };
		2E67BF62289688280024839C /* UIGestureRecognizer+DBXAR.h */ = {isa = PBXFileReference; lastKnownFileType = sourcecode.c.h; path = "UIGestureRecognizer+DBXAR.h"; sourceTree = "<group>"; };
		2E67BF63289688280024839C /* UIGestureRecognizer+DBXAR.m */ = {isa = PBXFileReference; lastKnownFileType = sourcecode.c.objc; path = "UIGestureRecognizer+DBXAR.m"; sourceTree = "<group>"; };
		2E67BF6528968CD40024839C /* DBXGestureTarget.h */ = {isa = PBXFileReference; lastKnownFileType = sourcecode.c.h; path = DBXGestureTarget.h; sourceTree = "<group>"; };
		2E67BF6628968CD40024839C /* DBXGestureTarget.m */ = {isa = PBXFileReference; lastKnownFileType = sourcecode.c.objc; path = DBXGestureTarget.m; sourceTree = "<group>"; };
		2E70D2C42933165F00ED8B9E /* DBXChainTask.h */ = {isa = PBXFileReference; lastKnownFileType = sourcecode.c.h; path = DBXChainTask.h; sourceTree = "<group>"; };
		2E70D2C52933165F00ED8B9E /* DBXChainTask.m */ = {isa = PBXFileReference; lastKnownFileType = sourcecode.c.objc; path = DBXChainTask.m; sourceTree = "<group>"; };
		2E804AEB293CA7E80012628E /* DBXChain.h */ = {isa = PBXFileReference; lastKnownFileType = sourcecode.c.h; path = DBXChain.h; sourceTree = "<group>"; };
		2E95C26E2691C9FD00A2801A /* DBXKit.app */ = {isa = PBXFileReference; explicitFileType = wrapper.application; includeInIndex = 0; path = DBXKit.app; sourceTree = BUILT_PRODUCTS_DIR; };
		2E95C2712691C9FD00A2801A /* AppDelegate.h */ = {isa = PBXFileReference; lastKnownFileType = sourcecode.c.h; path = AppDelegate.h; sourceTree = "<group>"; };
		2E95C2722691C9FD00A2801A /* AppDelegate.m */ = {isa = PBXFileReference; lastKnownFileType = sourcecode.c.objc; path = AppDelegate.m; sourceTree = "<group>"; };
		2E95C2772691C9FD00A2801A /* ViewController.h */ = {isa = PBXFileReference; lastKnownFileType = sourcecode.c.h; path = ViewController.h; sourceTree = "<group>"; };
		2E95C2782691C9FD00A2801A /* ViewController.m */ = {isa = PBXFileReference; lastKnownFileType = sourcecode.c.objc; path = ViewController.m; sourceTree = "<group>"; };
		2E95C27B2691C9FD00A2801A /* Base */ = {isa = PBXFileReference; lastKnownFileType = file.storyboard; name = Base; path = Base.lproj/Main.storyboard; sourceTree = "<group>"; };
		2E95C27D2691CA0100A2801A /* Assets.xcassets */ = {isa = PBXFileReference; lastKnownFileType = folder.assetcatalog; path = Assets.xcassets; sourceTree = "<group>"; };
		2E95C2802691CA0100A2801A /* Base */ = {isa = PBXFileReference; lastKnownFileType = file.storyboard; name = Base; path = Base.lproj/LaunchScreen.storyboard; sourceTree = "<group>"; };
		2E95C2822691CA0100A2801A /* Info.plist */ = {isa = PBXFileReference; lastKnownFileType = text.plist.xml; path = Info.plist; sourceTree = "<group>"; };
		2E95C2832691CA0100A2801A /* main.m */ = {isa = PBXFileReference; lastKnownFileType = sourcecode.c.objc; path = main.m; sourceTree = "<group>"; };
		2EF739A6287AC793007B2A95 /* UIView+DBXCore.h */ = {isa = PBXFileReference; lastKnownFileType = sourcecode.c.h; path = "UIView+DBXCore.h"; sourceTree = "<group>"; };
		2EF739A7287AC793007B2A95 /* UIView+DBXCore.m */ = {isa = PBXFileReference; lastKnownFileType = sourcecode.c.objc; path = "UIView+DBXCore.m"; sourceTree = "<group>"; };
		2EF739AA287AD405007B2A95 /* DBXAutoReportManager.h */ = {isa = PBXFileReference; lastKnownFileType = sourcecode.c.h; path = DBXAutoReportManager.h; sourceTree = "<group>"; };
		2EF739AB287AD405007B2A95 /* DBXAutoReportManager.m */ = {isa = PBXFileReference; lastKnownFileType = sourcecode.c.objc; path = DBXAutoReportManager.m; sourceTree = "<group>"; };
		862E7400B3374E118EDD226F /* Pods-DBXKit.debug.xcconfig */ = {isa = PBXFileReference; includeInIndex = 1; lastKnownFileType = text.xcconfig; name = "Pods-DBXKit.debug.xcconfig"; path = "Target Support Files/Pods-DBXKit/Pods-DBXKit.debug.xcconfig"; sourceTree = "<group>"; };
		B641B5D2372CF2AE0559F1E1 /* Pods_DBXKit.framework */ = {isa = PBXFileReference; explicitFileType = wrapper.framework; includeInIndex = 0; path = Pods_DBXKit.framework; sourceTree = BUILT_PRODUCTS_DIR; };
		C81B0DE72C674F77006A6452 /* DBXRuntimeUtils.h */ = {isa = PBXFileReference; fileEncoding = 4; lastKnownFileType = sourcecode.c.h; path = DBXRuntimeUtils.h; sourceTree = "<group>"; };
		C81B0DE82C674F77006A6452 /* DBXRuntimeUtils.m */ = {isa = PBXFileReference; fileEncoding = 4; lastKnownFileType = sourcecode.c.objc; path = DBXRuntimeUtils.m; sourceTree = "<group>"; };
		C81B0DEA2C689F37006A6452 /* NSInvocation+DBX.m */ = {isa = PBXFileReference; fileEncoding = 4; lastKnownFileType = sourcecode.c.objc; path = "NSInvocation+DBX.m"; sourceTree = "<group>"; };
		C81B0DEB2C689F37006A6452 /* NSInvocation+DBX.h */ = {isa = PBXFileReference; fileEncoding = 4; lastKnownFileType = sourcecode.c.h; path = "NSInvocation+DBX.h"; sourceTree = "<group>"; };
		C81B0DED2C68A051006A6452 /* DBXUnit.h */ = {isa = PBXFileReference; lastKnownFileType = sourcecode.c.h; path = DBXUnit.h; sourceTree = "<group>"; };
		C81B0DEE2C68A051006A6452 /* DBXUnit.m */ = {isa = PBXFileReference; lastKnownFileType = sourcecode.c.objc; path = DBXUnit.m; sourceTree = "<group>"; };
		C828F8D12C5B548800F43AF5 /* DBXLog.h */ = {isa = PBXFileReference; fileEncoding = 4; lastKnownFileType = sourcecode.c.h; path = DBXLog.h; sourceTree = "<group>"; };
		C828F8D22C5B548800F43AF5 /* DBXLog.m */ = {isa = PBXFileReference; fileEncoding = 4; lastKnownFileType = sourcecode.c.objc; path = DBXLog.m; sourceTree = "<group>"; };
		C82D32582E0536CF00A3FAAC /* DBXGuard.h */ = {isa = PBXFileReference; lastKnownFileType = sourcecode.c.h; path = DBXGuard.h; sourceTree = "<group>"; };
		C82D32592E0536CF00A3FAAC /* DBXGuard.m */ = {isa = PBXFileReference; lastKnownFileType = sourcecode.c.objc; path = DBXGuard.m; sourceTree = "<group>"; };
		C85C1A9D2AC5720800842EF6 /* NSAttributedString+dbx.h */ = {isa = PBXFileReference; lastKnownFileType = sourcecode.c.h; path = "NSAttributedString+dbx.h"; sourceTree = "<group>"; };
		C85C1A9E2AC5720800842EF6 /* NSAttributedString+dbx.m */ = {isa = PBXFileReference; lastKnownFileType = sourcecode.c.objc; path = "NSAttributedString+dbx.m"; sourceTree = "<group>"; };
		C864D8EC2B53B77C007D11E8 /* DBXSyringViewController.h */ = {isa = PBXFileReference; lastKnownFileType = sourcecode.c.h; path = DBXSyringViewController.h; sourceTree = "<group>"; };
		C864D8ED2B53B77C007D11E8 /* DBXSyringViewController.m */ = {isa = PBXFileReference; lastKnownFileType = sourcecode.c.objc; path = DBXSyringViewController.m; sourceTree = "<group>"; };
		C864D8EF2B53B85A007D11E8 /* MySyringInterface.m */ = {isa = PBXFileReference; fileEncoding = 4; lastKnownFileType = sourcecode.c.objc; path = MySyringInterface.m; sourceTree = "<group>"; };
		C864D8F02B53B85A007D11E8 /* MySyringInterface.h */ = {isa = PBXFileReference; fileEncoding = 4; lastKnownFileType = sourcecode.c.h; path = MySyringInterface.h; sourceTree = "<group>"; };
		C864D8F22B53B88A007D11E8 /* People.m */ = {isa = PBXFileReference; fileEncoding = 4; lastKnownFileType = sourcecode.c.objc; path = People.m; sourceTree = "<group>"; };
		C864D8F32B53B88A007D11E8 /* People.h */ = {isa = PBXFileReference; fileEncoding = 4; lastKnownFileType = sourcecode.c.h; path = People.h; sourceTree = "<group>"; };
		C864D8F52B53B8AF007D11E8 /* Animal.m */ = {isa = PBXFileReference; fileEncoding = 4; lastKnownFileType = sourcecode.c.objc; path = Animal.m; sourceTree = "<group>"; };
		C864D8F62B53B8AF007D11E8 /* Animal.h */ = {isa = PBXFileReference; fileEncoding = 4; lastKnownFileType = sourcecode.c.h; path = Animal.h; sourceTree = "<group>"; };
		C8767EDE269E869B005C0B2C /* MnaLabelsView.m */ = {isa = PBXFileReference; fileEncoding = 4; lastKnownFileType = sourcecode.c.objc; path = MnaLabelsView.m; sourceTree = "<group>"; };
		C8767EDF269E869B005C0B2C /* MnaLabelsView.h */ = {isa = PBXFileReference; fileEncoding = 4; lastKnownFileType = sourcecode.c.h; path = MnaLabelsView.h; sourceTree = "<group>"; };
		C8767EE5269E898E005C0B2C /* DBXTextCollectionViewCell.h */ = {isa = PBXFileReference; fileEncoding = 4; lastKnownFileType = sourcecode.c.h; path = DBXTextCollectionViewCell.h; sourceTree = "<group>"; };
		C8767EE6269E898E005C0B2C /* DBXTextCollectionViewCell.m */ = {isa = PBXFileReference; fileEncoding = 4; lastKnownFileType = sourcecode.c.objc; path = DBXTextCollectionViewCell.m; sourceTree = "<group>"; };
		C87C67BF2D91ADC900D9E71A /* DBXStubs.h */ = {isa = PBXFileReference; lastKnownFileType = sourcecode.c.h; path = DBXStubs.h; sourceTree = "<group>"; };
		C87C67C02D91ADC900D9E71A /* DBXStubs.m */ = {isa = PBXFileReference; lastKnownFileType = sourcecode.c.objc; path = DBXStubs.m; sourceTree = "<group>"; };
		C87C67C22D91AFC200D9E71A /* DBXStubsURLProtocol.h */ = {isa = PBXFileReference; lastKnownFileType = sourcecode.c.h; path = DBXStubsURLProtocol.h; sourceTree = "<group>"; };
		C87C67C32D91AFC200D9E71A /* DBXStubsURLProtocol.m */ = {isa = PBXFileReference; lastKnownFileType = sourcecode.c.objc; path = DBXStubsURLProtocol.m; sourceTree = "<group>"; };
		C87C67C82D91BEEC00D9E71A /* DBXStubsResponse.h */ = {isa = PBXFileReference; lastKnownFileType = sourcecode.c.h; path = DBXStubsResponse.h; sourceTree = "<group>"; };
		C87C67C92D91BEEC00D9E71A /* DBXStubsResponse.m */ = {isa = PBXFileReference; lastKnownFileType = sourcecode.c.objc; path = DBXStubsResponse.m; sourceTree = "<group>"; };
		C87C67CC2D984CB000D9E71A /* DBXStubTests.m */ = {isa = PBXFileReference; lastKnownFileType = sourcecode.c.objc; path = DBXStubTests.m; sourceTree = "<group>"; };
		C87C67CE2D984E4000D9E71A /* StubsJsonTests.geojson */ = {isa = PBXFileReference; lastKnownFileType = text; path = StubsJsonTests.geojson; sourceTree = "<group>"; };
		C87C67D02D9EE58100D9E71A /* testforStub.pdf */ = {isa = PBXFileReference; lastKnownFileType = image.pdf; path = testforStub.pdf; sourceTree = "<group>"; };
		C87C67D42DA4229F00D9E71A /* DBXTestHookADViewController.h */ = {isa = PBXFileReference; lastKnownFileType = sourcecode.c.h; path = DBXTestHookADViewController.h; sourceTree = "<group>"; };
		C87C67D52DA4229F00D9E71A /* DBXTestHookADViewController.m */ = {isa = PBXFileReference; lastKnownFileType = sourcecode.c.objc; path = DBXTestHookADViewController.m; sourceTree = "<group>"; };
		C87C67D72DA4246600D9E71A /* DBXADInjector.h */ = {isa = PBXFileReference; lastKnownFileType = sourcecode.c.h; path = DBXADInjector.h; sourceTree = "<group>"; };
		C87C67D82DA4246600D9E71A /* DBXADInjector.m */ = {isa = PBXFileReference; lastKnownFileType = sourcecode.c.objc; path = DBXADInjector.m; sourceTree = "<group>"; };
		C880A6232B5EC298008C9C36 /* DBXDebounce.h */ = {isa = PBXFileReference; lastKnownFileType = sourcecode.c.h; path = DBXDebounce.h; sourceTree = "<group>"; };
		C880A6242B5EC298008C9C36 /* DBXDebounce.m */ = {isa = PBXFileReference; lastKnownFileType = sourcecode.c.objc; path = DBXDebounce.m; sourceTree = "<group>"; };
		C880A6292B64F0EB008C9C36 /* DBXDebounceDealloc.h */ = {isa = PBXFileReference; lastKnownFileType = sourcecode.c.h; path = DBXDebounceDealloc.h; sourceTree = "<group>"; };
		C880A62A2B64F0EB008C9C36 /* DBXDebounceDealloc.m */ = {isa = PBXFileReference; lastKnownFileType = sourcecode.c.objc; path = DBXDebounceDealloc.m; sourceTree = "<group>"; };
		C880A62C2B66ADEF008C9C36 /* DBXDebounceViewController.h */ = {isa = PBXFileReference; lastKnownFileType = sourcecode.c.h; path = DBXDebounceViewController.h; sourceTree = "<group>"; };
		C880A62D2B66ADEF008C9C36 /* DBXDebounceViewController.m */ = {isa = PBXFileReference; lastKnownFileType = sourcecode.c.objc; path = DBXDebounceViewController.m; sourceTree = "<group>"; };
		C881792C26958BC900656441 /* NSObject+dbx_modelValue.m */ = {isa = PBXFileReference; fileEncoding = 4; lastKnownFileType = sourcecode.c.objc; path = "NSObject+dbx_modelValue.m"; sourceTree = "<group>"; };
		C881792D26958BC900656441 /* NSDictionary+dbx_valuePath.m */ = {isa = PBXFileReference; fileEncoding = 4; lastKnownFileType = sourcecode.c.objc; path = "NSDictionary+dbx_valuePath.m"; sourceTree = "<group>"; };
		C881792E26958BC900656441 /* NSObject+dbx_modelValue.h */ = {isa = PBXFileReference; fileEncoding = 4; lastKnownFileType = sourcecode.c.h; path = "NSObject+dbx_modelValue.h"; sourceTree = "<group>"; };
		C881792F26958BC900656441 /* NSDictionary+dbx_valuePath.h */ = {isa = PBXFileReference; fileEncoding = 4; lastKnownFileType = sourcecode.c.h; path = "NSDictionary+dbx_valuePath.h"; sourceTree = "<group>"; };
		C8A5A7F42AD4EAA600643495 /* NSObject+PropertyObserver.h */ = {isa = PBXFileReference; lastKnownFileType = sourcecode.c.h; path = "NSObject+PropertyObserver.h"; sourceTree = "<group>"; };
		C8A5A7F52AD4EAA600643495 /* NSObject+PropertyObserver.m */ = {isa = PBXFileReference; lastKnownFileType = sourcecode.c.objc; path = "NSObject+PropertyObserver.m"; sourceTree = "<group>"; };
		C8A5A7F72AD4F34B00643495 /* DBXTextModel.h */ = {isa = PBXFileReference; lastKnownFileType = sourcecode.c.h; path = DBXTextModel.h; sourceTree = "<group>"; };
		C8A5A7F82AD4F34B00643495 /* DBXTextModel.m */ = {isa = PBXFileReference; lastKnownFileType = sourcecode.c.objc; path = DBXTextModel.m; sourceTree = "<group>"; };
		C8A605FE2C3844A000959C8E /* DBXKitUITests.xctest */ = {isa = PBXFileReference; explicitFileType = wrapper.cfbundle; includeInIndex = 0; path = DBXKitUITests.xctest; sourceTree = BUILT_PRODUCTS_DIR; };
		C8A6060D2C38470F00959C8E /* DBXKitTests.xctest */ = {isa = PBXFileReference; explicitFileType = wrapper.cfbundle; includeInIndex = 0; path = DBXKitTests.xctest; sourceTree = BUILT_PRODUCTS_DIR; };
		C8A6060F2C38470F00959C8E /* DBXKitTests.m */ = {isa = PBXFileReference; lastKnownFileType = sourcecode.c.objc; path = DBXKitTests.m; sourceTree = "<group>"; };
		C8BF50672BD49BED0032721C /* DBXTaskQueueViewController.h */ = {isa = PBXFileReference; lastKnownFileType = sourcecode.c.h; path = DBXTaskQueueViewController.h; sourceTree = "<group>"; };
		C8BF50682BD49BED0032721C /* DBXTaskQueueViewController.m */ = {isa = PBXFileReference; lastKnownFileType = sourcecode.c.objc; path = DBXTaskQueueViewController.m; sourceTree = "<group>"; };
		C8C2362A287FAD8600AD75F1 /* NSObject+DBXRuntime.h */ = {isa = PBXFileReference; lastKnownFileType = sourcecode.c.h; path = "NSObject+DBXRuntime.h"; sourceTree = "<group>"; };
		C8C2362B287FAD8600AD75F1 /* NSObject+DBXRuntime.m */ = {isa = PBXFileReference; lastKnownFileType = sourcecode.c.objc; path = "NSObject+DBXRuntime.m"; sourceTree = "<group>"; };
		C8C2362D287FAF7A00AD75F1 /* UIApplication+DBXAR.h */ = {isa = PBXFileReference; lastKnownFileType = sourcecode.c.h; path = "UIApplication+DBXAR.h"; sourceTree = "<group>"; };
		C8C2362E287FAF7A00AD75F1 /* UIApplication+DBXAR.m */ = {isa = PBXFileReference; lastKnownFileType = sourcecode.c.objc; path = "UIApplication+DBXAR.m"; sourceTree = "<group>"; };
		C8D09D802E0945BA0012E036 /* DBXGuardTests.m */ = {isa = PBXFileReference; lastKnownFileType = sourcecode.c.objc; path = DBXGuardTests.m; sourceTree = "<group>"; };
		C8D7843C2C4CFFCC00E9682C /* DBXCore.h */ = {isa = PBXFileReference; lastKnownFileType = sourcecode.c.h; path = DBXCore.h; sourceTree = "<group>"; };
		C8DB31CD293A26F500090C61 /* DBXOperate.h */ = {isa = PBXFileReference; lastKnownFileType = sourcecode.c.h; path = DBXOperate.h; sourceTree = "<group>"; };
		C8DB31CE293A26F500090C61 /* DBXOperate.m */ = {isa = PBXFileReference; lastKnownFileType = sourcecode.c.objc; path = DBXOperate.m; sourceTree = "<group>"; };
		C8DD74A428D30DC000E08AA1 /* DBXTaskTimerManager.m */ = {isa = PBXFileReference; fileEncoding = 4; lastKnownFileType = sourcecode.c.objc; path = DBXTaskTimerManager.m; sourceTree = "<group>"; };
		C8DD74A528D30DC000E08AA1 /* DBXTaskTimerManager.h */ = {isa = PBXFileReference; fileEncoding = 4; lastKnownFileType = sourcecode.c.h; path = DBXTaskTimerManager.h; sourceTree = "<group>"; };
		C8DD74A728D30F1D00E08AA1 /* DBXTaskQueueManager.m */ = {isa = PBXFileReference; fileEncoding = 4; lastKnownFileType = sourcecode.c.objc; path = DBXTaskQueueManager.m; sourceTree = "<group>"; };
		C8DD74A828D30F1D00E08AA1 /* DBXTaskQueueManager.h */ = {isa = PBXFileReference; fileEncoding = 4; lastKnownFileType = sourcecode.c.h; path = DBXTaskQueueManager.h; sourceTree = "<group>"; };
		C8DD74B128D3430600E08AA1 /* DBXTools.h */ = {isa = PBXFileReference; lastKnownFileType = sourcecode.c.h; path = DBXTools.h; sourceTree = "<group>"; };
		C8EA514A2C64E5D900CACE45 /* DBXTrack.h */ = {isa = PBXFileReference; lastKnownFileType = sourcecode.c.h; path = DBXTrack.h; sourceTree = "<group>"; };
		C8EA514B2C64E5D900CACE45 /* DBXTrack.m */ = {isa = PBXFileReference; lastKnownFileType = sourcecode.c.objc; path = DBXTrack.m; sourceTree = "<group>"; };
		C8EA514D2C64EF2700CACE45 /* DBXTrackTarget.h */ = {isa = PBXFileReference; lastKnownFileType = sourcecode.c.h; path = DBXTrackTarget.h; sourceTree = "<group>"; };
		C8EA514E2C64EF2700CACE45 /* DBXTrackTarget.m */ = {isa = PBXFileReference; lastKnownFileType = sourcecode.c.objc; path = DBXTrackTarget.m; sourceTree = "<group>"; };
		C8F3015E2B40616C00524BEE /* DBXChainViewController.h */ = {isa = PBXFileReference; lastKnownFileType = sourcecode.c.h; path = DBXChainViewController.h; sourceTree = "<group>"; };
		C8F3015F2B40616C00524BEE /* DBXChainViewController.m */ = {isa = PBXFileReference; lastKnownFileType = sourcecode.c.objc; path = DBXChainViewController.m; sourceTree = "<group>"; };
		C8F301612B40656E00524BEE /* testConfig.plist */ = {isa = PBXFileReference; lastKnownFileType = text.plist.xml; path = testConfig.plist; sourceTree = "<group>"; };
		C8F301662B40704800524BEE /* DBXBaseViewController.h */ = {isa = PBXFileReference; lastKnownFileType = sourcecode.c.h; path = DBXBaseViewController.h; sourceTree = "<group>"; };
		C8F301672B40704800524BEE /* DBXBaseViewController.m */ = {isa = PBXFileReference; lastKnownFileType = sourcecode.c.objc; path = DBXBaseViewController.m; sourceTree = "<group>"; };
		C8F3016B2B4074E100524BEE /* DBXChainVC.xib */ = {isa = PBXFileReference; lastKnownFileType = file.xib; path = DBXChainVC.xib; sourceTree = "<group>"; };
		C8F3016D2B41690F00524BEE /* DBXLabelsTestViewController.h */ = {isa = PBXFileReference; lastKnownFileType = sourcecode.c.h; path = DBXLabelsTestViewController.h; sourceTree = "<group>"; };
		C8F3016E2B41690F00524BEE /* DBXLabelsTestViewController.m */ = {isa = PBXFileReference; lastKnownFileType = sourcecode.c.objc; path = DBXLabelsTestViewController.m; sourceTree = "<group>"; };
		C8F301712B4A9CDB00524BEE /* DBXSyringeInterface.m */ = {isa = PBXFileReference; fileEncoding = 4; lastKnownFileType = sourcecode.c.objc; path = DBXSyringeInterface.m; sourceTree = "<group>"; };
		C8F301722B4A9CDB00524BEE /* DBXSyringeInject.m */ = {isa = PBXFileReference; fileEncoding = 4; lastKnownFileType = sourcecode.c.objc; path = DBXSyringeInject.m; sourceTree = "<group>"; };
		C8F301732B4A9CDB00524BEE /* DBXSyringeInterface+DBXSy.h */ = {isa = PBXFileReference; fileEncoding = 4; lastKnownFileType = sourcecode.c.h; path = "DBXSyringeInterface+DBXSy.h"; sourceTree = "<group>"; };
		C8F301742B4A9CDB00524BEE /* DBXSyringeFactory.m */ = {isa = PBXFileReference; fileEncoding = 4; lastKnownFileType = sourcecode.c.objc; path = DBXSyringeFactory.m; sourceTree = "<group>"; };
		C8F301752B4A9CDB00524BEE /* DBXSyringeTmpArgument.m */ = {isa = PBXFileReference; fileEncoding = 4; lastKnownFileType = sourcecode.c.objc; path = DBXSyringeTmpArgument.m; sourceTree = "<group>"; };
		C8F301762B4A9CDB00524BEE /* DBXSyringeMethod.m */ = {isa = PBXFileReference; fileEncoding = 4; lastKnownFileType = sourcecode.c.objc; path = DBXSyringeMethod.m; sourceTree = "<group>"; };
		C8F301782B4A9CDB00524BEE /* DBXSyringe.h */ = {isa = PBXFileReference; fileEncoding = 4; lastKnownFileType = sourcecode.c.h; path = DBXSyringe.h; sourceTree = "<group>"; };
		C8F301792B4A9CDB00524BEE /* DBXSyringeFactory.h */ = {isa = PBXFileReference; fileEncoding = 4; lastKnownFileType = sourcecode.c.h; path = DBXSyringeFactory.h; sourceTree = "<group>"; };
		C8F3017A2B4A9CDB00524BEE /* DBXSyringeInterface+DBXSy.m */ = {isa = PBXFileReference; fileEncoding = 4; lastKnownFileType = sourcecode.c.objc; path = "DBXSyringeInterface+DBXSy.m"; sourceTree = "<group>"; };
		C8F3017B2B4A9CDB00524BEE /* DBXSyringeInject.h */ = {isa = PBXFileReference; fileEncoding = 4; lastKnownFileType = sourcecode.c.h; path = DBXSyringeInject.h; sourceTree = "<group>"; };
		C8F3017C2B4A9CDB00524BEE /* DBXSyringeInterface.h */ = {isa = PBXFileReference; fileEncoding = 4; lastKnownFileType = sourcecode.c.h; path = DBXSyringeInterface.h; sourceTree = "<group>"; };
		C8F3017D2B4A9CDB00524BEE /* DBXSyringeTmpArgument.h */ = {isa = PBXFileReference; fileEncoding = 4; lastKnownFileType = sourcecode.c.h; path = DBXSyringeTmpArgument.h; sourceTree = "<group>"; };
		C8F3017F2B4A9CDB00524BEE /* DBXSyringeMethod.h */ = {isa = PBXFileReference; fileEncoding = 4; lastKnownFileType = sourcecode.c.h; path = DBXSyringeMethod.h; sourceTree = "<group>"; };
		C8F5698E2C55EDDC008100D7 /* DBXConfig.h */ = {isa = PBXFileReference; lastKnownFileType = sourcecode.c.h; path = DBXConfig.h; sourceTree = "<group>"; };
		C8F5698F2C55EDDC008100D7 /* DBXConfig.m */ = {isa = PBXFileReference; lastKnownFileType = sourcecode.c.objc; path = DBXConfig.m; sourceTree = "<group>"; };
		C8FA14322C5B56FA002F6B4A /* UIView+dbx_clickedArea.m */ = {isa = PBXFileReference; fileEncoding = 4; lastKnownFileType = sourcecode.c.objc; path = "UIView+dbx_clickedArea.m"; sourceTree = "<group>"; };
		C8FA14332C5B56FA002F6B4A /* UIView+dbx_clickedArea.h */ = {isa = PBXFileReference; fileEncoding = 4; lastKnownFileType = sourcecode.c.h; path = "UIView+dbx_clickedArea.h"; sourceTree = "<group>"; };
/* End PBXFileReference section */

/* Begin PBXFrameworksBuildPhase section */
		2E95C26B2691C9FD00A2801A /* Frameworks */ = {
			isa = PBXFrameworksBuildPhase;
			buildActionMask = 2147483647;
			files = (
				70E96505CCF9CA9A13017130 /* Pods_DBXKit.framework in Frameworks */,
			);
			runOnlyForDeploymentPostprocessing = 0;
		};
		C8A605FB2C3844A000959C8E /* Frameworks */ = {
			isa = PBXFrameworksBuildPhase;
			buildActionMask = 2147483647;
			files = (
			);
			runOnlyForDeploymentPostprocessing = 0;
		};
		C8A6060A2C38470F00959C8E /* Frameworks */ = {
			isa = PBXFrameworksBuildPhase;
			buildActionMask = 2147483647;
			files = (
			);
			runOnlyForDeploymentPostprocessing = 0;
		};
/* End PBXFrameworksBuildPhase section */

/* Begin PBXGroup section */
		2E70D2C32933154500ED8B9E /* Chain */ = {
			isa = PBXGroup;
			children = (
				2E70D2C42933165F00ED8B9E /* DBXChainTask.h */,
				2E70D2C52933165F00ED8B9E /* DBXChainTask.m */,
				C8DB31CD293A26F500090C61 /* DBXOperate.h */,
				C8DB31CE293A26F500090C61 /* DBXOperate.m */,
				2E804AEB293CA7E80012628E /* DBXChain.h */,
			);
			path = Chain;
			sourceTree = "<group>";
		};
		2E95C2652691C9FD00A2801A = {
			isa = PBXGroup;
			children = (
				2E95C2702691C9FD00A2801A /* DBXKit */,
				C8A6060E2C38470F00959C8E /* DBXKitTests */,
				2E95C26F2691C9FD00A2801A /* Products */,
				6242A63C8703A64C33D98BFB /* Pods */,
				D9777371862E77321C63E740 /* Frameworks */,
			);
			sourceTree = "<group>";
		};
		2E95C26F2691C9FD00A2801A /* Products */ = {
			isa = PBXGroup;
			children = (
				2E95C26E2691C9FD00A2801A /* DBXKit.app */,
				C8A605FE2C3844A000959C8E /* DBXKitUITests.xctest */,
				C8A6060D2C38470F00959C8E /* DBXKitTests.xctest */,
			);
			name = Products;
			sourceTree = "<group>";
		};
		2E95C2702691C9FD00A2801A /* DBXKit */ = {
			isa = PBXGroup;
			children = (
				C881792A26958BC900656441 /* Classes */,
				2E95C2712691C9FD00A2801A /* AppDelegate.h */,
				2E95C2722691C9FD00A2801A /* AppDelegate.m */,
				C8F301662B40704800524BEE /* DBXBaseViewController.h */,
				C8F301672B40704800524BEE /* DBXBaseViewController.m */,
				C8F3015D2B40614500524BEE /* TestViewControllers */,
				2E0482CA2882C13100C69D08 /* TextAutoReportImpl.h */,
				2E0482CB2882C13100C69D08 /* TextAutoReportImpl.m */,
				C8A5A7F72AD4F34B00643495 /* DBXTextModel.h */,
				C8A5A7F82AD4F34B00643495 /* DBXTextModel.m */,
				C864D8F02B53B85A007D11E8 /* MySyringInterface.h */,
				C864D8EF2B53B85A007D11E8 /* MySyringInterface.m */,
				C864D8F62B53B8AF007D11E8 /* Animal.h */,
				C864D8F52B53B8AF007D11E8 /* Animal.m */,
				C864D8F32B53B88A007D11E8 /* People.h */,
				C864D8F22B53B88A007D11E8 /* People.m */,
				2E95C27A2691C9FD00A2801A /* Main.storyboard */,
				2E95C27D2691CA0100A2801A /* Assets.xcassets */,
				2E95C27F2691CA0100A2801A /* LaunchScreen.storyboard */,
				2E95C2822691CA0100A2801A /* Info.plist */,
				2E95C2832691CA0100A2801A /* main.m */,
			);
			path = DBXKit;
			sourceTree = "<group>";
		};
		2EF739A4287AC21C007B2A95 /* Core */ = {
			isa = PBXGroup;
			children = (
				C8D7843C2C4CFFCC00E9682C /* DBXCore.h */,
				C81B0DE72C674F77006A6452 /* DBXRuntimeUtils.h */,
				C81B0DE82C674F77006A6452 /* DBXRuntimeUtils.m */,
				C8F5698E2C55EDDC008100D7 /* DBXConfig.h */,
				C8F5698F2C55EDDC008100D7 /* DBXConfig.m */,
				2EF739A6287AC793007B2A95 /* UIView+DBXCore.h */,
				2EF739A7287AC793007B2A95 /* UIView+DBXCore.m */,
				C81B0DEB2C689F37006A6452 /* NSInvocation+DBX.h */,
				C81B0DEA2C689F37006A6452 /* NSInvocation+DBX.m */,
				C8C2362A287FAD8600AD75F1 /* NSObject+DBXRuntime.h */,
				C8C2362B287FAD8600AD75F1 /* NSObject+DBXRuntime.m */,
				2E0482D3288BFADF00C69D08 /* DBXViewUtils.h */,
				2E0482D4288BFADF00C69D08 /* DBXViewUtils.m */,
				C828F8D12C5B548800F43AF5 /* DBXLog.h */,
				C828F8D22C5B548800F43AF5 /* DBXLog.m */,
				C81B0DED2C68A051006A6452 /* DBXUnit.h */,
				C81B0DEE2C68A051006A6452 /* DBXUnit.m */,
			);
			path = Core;
			sourceTree = "<group>";
		};
		2EF739A9287AD1EE007B2A95 /* AutoReport */ = {
			isa = PBXGroup;
			children = (
				2EF739AA287AD405007B2A95 /* DBXAutoReportManager.h */,
				2EF739AB287AD405007B2A95 /* DBXAutoReportManager.m */,
				C8C2362D287FAF7A00AD75F1 /* UIApplication+DBXAR.h */,
				C8C2362E287FAF7A00AD75F1 /* UIApplication+DBXAR.m */,
				2E0482C32882597500C69D08 /* DBXARUtils.h */,
				2E0482C42882597500C69D08 /* DBXARUtils.m */,
				2E0482C6288259D200C69D08 /* UIView+DBXAR.h */,
				2E0482C7288259D200C69D08 /* UIView+DBXAR.m */,
				2E67BF62289688280024839C /* UIGestureRecognizer+DBXAR.h */,
				2E67BF63289688280024839C /* UIGestureRecognizer+DBXAR.m */,
				2E67BF6528968CD40024839C /* DBXGestureTarget.h */,
				2E67BF6628968CD40024839C /* DBXGestureTarget.m */,
				2E0482C92882BD2600C69D08 /* DBXAutoReport.h */,
			);
			path = AutoReport;
			sourceTree = "<group>";
		};
		6242A63C8703A64C33D98BFB /* Pods */ = {
			isa = PBXGroup;
			children = (
				862E7400B3374E118EDD226F /* Pods-DBXKit.debug.xcconfig */,
				1713F4135C3BA6C761A8A128 /* Pods-DBXKit.release.xcconfig */,
			);
			path = Pods;
			sourceTree = "<group>";
		};
		C82D32572E05363800A3FAAC /* Guard​ */ = {
			isa = PBXGroup;
			children = (
				C82D32582E0536CF00A3FAAC /* DBXGuard.h */,
				C82D32592E0536CF00A3FAAC /* DBXGuard.m */,
			);
			path = "Guard​";
			sourceTree = "<group>";
		};
		C8767EDD269E868F005C0B2C /* Views */ = {
			isa = PBXGroup;
			children = (
				C8767EE1269E87A6005C0B2C /* LabelsView */,
			);
			path = Views;
			sourceTree = "<group>";
		};
		C8767EE1269E87A6005C0B2C /* LabelsView */ = {
			isa = PBXGroup;
			children = (
				C8767EDF269E869B005C0B2C /* MnaLabelsView.h */,
				C8767EDE269E869B005C0B2C /* MnaLabelsView.m */,
				C8767EE5269E898E005C0B2C /* DBXTextCollectionViewCell.h */,
				C8767EE6269E898E005C0B2C /* DBXTextCollectionViewCell.m */,
			);
			path = LabelsView;
			sourceTree = "<group>";
		};
		C87C67BE2D91ABF000D9E71A /* Stubs */ = {
			isa = PBXGroup;
			children = (
				C87C67BF2D91ADC900D9E71A /* DBXStubs.h */,
				C87C67C02D91ADC900D9E71A /* DBXStubs.m */,
				C87C67C82D91BEEC00D9E71A /* DBXStubsResponse.h */,
				C87C67C92D91BEEC00D9E71A /* DBXStubsResponse.m */,
				C87C67C22D91AFC200D9E71A /* DBXStubsURLProtocol.h */,
				C87C67C32D91AFC200D9E71A /* DBXStubsURLProtocol.m */,
			);
			path = Stubs;
			sourceTree = "<group>";
		};
		C880A6222B5EC260008C9C36 /* Debounce */ = {
			isa = PBXGroup;
			children = (
				C880A6232B5EC298008C9C36 /* DBXDebounce.h */,
				C880A6242B5EC298008C9C36 /* DBXDebounce.m */,
				C880A6292B64F0EB008C9C36 /* DBXDebounceDealloc.h */,
				C880A62A2B64F0EB008C9C36 /* DBXDebounceDealloc.m */,
			);
			path = Debounce;
			sourceTree = "<group>";
		};
		C881792A26958BC900656441 /* Classes */ = {
			isa = PBXGroup;
			children = (
				C82D32572E05363800A3FAAC /* Guard​ */,
				C87C67BE2D91ABF000D9E71A /* Stubs */,
				C8EA51492C64E56C00CACE45 /* Track */,
				C880A6222B5EC260008C9C36 /* Debounce */,
				C8F301702B4A9CDB00524BEE /* Syringe */,
				2E70D2C32933154500ED8B9E /* Chain */,
				2EF739A4287AC21C007B2A95 /* Core */,
				C8DD74A328D3046F00E08AA1 /* Tools */,
				2EF739A9287AD1EE007B2A95 /* AutoReport */,
				C8767EDD269E868F005C0B2C /* Views */,
				C881792B26958BC900656441 /* Extension */,
			);
			path = Classes;
			sourceTree = "<group>";
		};
		C881792B26958BC900656441 /* Extension */ = {
			isa = PBXGroup;
			children = (
				2E0E8FF9287B035500E12B42 /* DBXExtension.h */,
				C881792E26958BC900656441 /* NSObject+dbx_modelValue.h */,
				C881792C26958BC900656441 /* NSObject+dbx_modelValue.m */,
				C881792F26958BC900656441 /* NSDictionary+dbx_valuePath.h */,
				C881792D26958BC900656441 /* NSDictionary+dbx_valuePath.m */,
				C85C1A9D2AC5720800842EF6 /* NSAttributedString+dbx.h */,
				C85C1A9E2AC5720800842EF6 /* NSAttributedString+dbx.m */,
				C8A5A7F42AD4EAA600643495 /* NSObject+PropertyObserver.h */,
				C8A5A7F52AD4EAA600643495 /* NSObject+PropertyObserver.m */,
				C8FA14332C5B56FA002F6B4A /* UIView+dbx_clickedArea.h */,
				C8FA14322C5B56FA002F6B4A /* UIView+dbx_clickedArea.m */,
			);
			path = Extension;
			sourceTree = "<group>";
		};
		C8A6060E2C38470F00959C8E /* DBXKitTests */ = {
			isa = PBXGroup;
			children = (
				C87C67D02D9EE58100D9E71A /* testforStub.pdf */,
				C8A6060F2C38470F00959C8E /* DBXKitTests.m */,
				C87C67CC2D984CB000D9E71A /* DBXStubTests.m */,
				C87C67CE2D984E4000D9E71A /* StubsJsonTests.geojson */,
				C8D09D802E0945BA0012E036 /* DBXGuardTests.m */,
			);
			path = DBXKitTests;
			sourceTree = "<group>";
		};
		C8DD74A328D3046F00E08AA1 /* Tools */ = {
			isa = PBXGroup;
			children = (
				C8DD74A528D30DC000E08AA1 /* DBXTaskTimerManager.h */,
				C8DD74A428D30DC000E08AA1 /* DBXTaskTimerManager.m */,
				C8DD74A828D30F1D00E08AA1 /* DBXTaskQueueManager.h */,
				C8DD74A728D30F1D00E08AA1 /* DBXTaskQueueManager.m */,
				C8DD74B128D3430600E08AA1 /* DBXTools.h */,
			);
			path = Tools;
			sourceTree = "<group>";
		};
		C8EA51492C64E56C00CACE45 /* Track */ = {
			isa = PBXGroup;
			children = (
				C8EA514A2C64E5D900CACE45 /* DBXTrack.h */,
				C8EA514B2C64E5D900CACE45 /* DBXTrack.m */,
				C8EA514D2C64EF2700CACE45 /* DBXTrackTarget.h */,
				C8EA514E2C64EF2700CACE45 /* DBXTrackTarget.m */,
			);
			path = Track;
			sourceTree = "<group>";
		};
		C8F3015D2B40614500524BEE /* TestViewControllers */ = {
			isa = PBXGroup;
			children = (
				2E95C2772691C9FD00A2801A /* ViewController.h */,
				2E95C2782691C9FD00A2801A /* ViewController.m */,
				C8F3015E2B40616C00524BEE /* DBXChainViewController.h */,
				C8F3015F2B40616C00524BEE /* DBXChainViewController.m */,
				C8F3016D2B41690F00524BEE /* DBXLabelsTestViewController.h */,
				C8F3016E2B41690F00524BEE /* DBXLabelsTestViewController.m */,
				C864D8EC2B53B77C007D11E8 /* DBXSyringViewController.h */,
				C864D8ED2B53B77C007D11E8 /* DBXSyringViewController.m */,
				C880A62C2B66ADEF008C9C36 /* DBXDebounceViewController.h */,
				C880A62D2B66ADEF008C9C36 /* DBXDebounceViewController.m */,
				C8BF50672BD49BED0032721C /* DBXTaskQueueViewController.h */,
				C8BF50682BD49BED0032721C /* DBXTaskQueueViewController.m */,
				C87C67D42DA4229F00D9E71A /* DBXTestHookADViewController.h */,
				C87C67D52DA4229F00D9E71A /* DBXTestHookADViewController.m */,
				C87C67D72DA4246600D9E71A /* DBXADInjector.h */,
				C87C67D82DA4246600D9E71A /* DBXADInjector.m */,
				C8F3016B2B4074E100524BEE /* DBXChainVC.xib */,
				C8F301612B40656E00524BEE /* testConfig.plist */,
			);
			path = TestViewControllers;
			sourceTree = "<group>";
		};
		C8F301702B4A9CDB00524BEE /* Syringe */ = {
			isa = PBXGroup;
			children = (
				C8F301782B4A9CDB00524BEE /* DBXSyringe.h */,
				C8F3017C2B4A9CDB00524BEE /* DBXSyringeInterface.h */,
				C8F301712B4A9CDB00524BEE /* DBXSyringeInterface.m */,
				C8F3017B2B4A9CDB00524BEE /* DBXSyringeInject.h */,
				C8F301722B4A9CDB00524BEE /* DBXSyringeInject.m */,
				C8F301732B4A9CDB00524BEE /* DBXSyringeInterface+DBXSy.h */,
				C8F3017A2B4A9CDB00524BEE /* DBXSyringeInterface+DBXSy.m */,
				C8F301792B4A9CDB00524BEE /* DBXSyringeFactory.h */,
				C8F301742B4A9CDB00524BEE /* DBXSyringeFactory.m */,
				C8F3017D2B4A9CDB00524BEE /* DBXSyringeTmpArgument.h */,
				C8F301752B4A9CDB00524BEE /* DBXSyringeTmpArgument.m */,
				C8F3017F2B4A9CDB00524BEE /* DBXSyringeMethod.h */,
				C8F301762B4A9CDB00524BEE /* DBXSyringeMethod.m */,
			);
			path = Syringe;
			sourceTree = "<group>";
		};
		D9777371862E77321C63E740 /* Frameworks */ = {
			isa = PBXGroup;
			children = (
				B641B5D2372CF2AE0559F1E1 /* Pods_DBXKit.framework */,
			);
			name = Frameworks;
			sourceTree = "<group>";
		};
/* End PBXGroup section */

/* Begin PBXNativeTarget section */
		2E95C26D2691C9FD00A2801A /* DBXKit */ = {
			isa = PBXNativeTarget;
			buildConfigurationList = 2E95C2872691CA0100A2801A /* Build configuration list for PBXNativeTarget "DBXKit" */;
			buildPhases = (
				2B984B68AC00F98F497E71A5 /* [CP] Check Pods Manifest.lock */,
				2E95C26A2691C9FD00A2801A /* Sources */,
				2E95C26B2691C9FD00A2801A /* Frameworks */,
				2E95C26C2691C9FD00A2801A /* Resources */,
				81AC1B588555D2D4357E9C9D /* [CP] Embed Pods Frameworks */,
			);
			buildRules = (
			);
			dependencies = (
			);
			name = DBXKit;
			productName = DBXKit;
			productReference = 2E95C26E2691C9FD00A2801A /* DBXKit.app */;
			productType = "com.apple.product-type.application";
		};
		C8A605FD2C3844A000959C8E /* DBXKitUITests */ = {
			isa = PBXNativeTarget;
			buildConfigurationList = C8A606062C3844A100959C8E /* Build configuration list for PBXNativeTarget "DBXKitUITests" */;
			buildPhases = (
				C8A605FA2C3844A000959C8E /* Sources */,
				C8A605FB2C3844A000959C8E /* Frameworks */,
				C8A605FC2C3844A000959C8E /* Resources */,
			);
			buildRules = (
			);
			dependencies = (
				C8A606052C3844A100959C8E /* PBXTargetDependency */,
			);
			name = DBXKitUITests;
			productName = DBXKitUITests;
			productReference = C8A605FE2C3844A000959C8E /* DBXKitUITests.xctest */;
			productType = "com.apple.product-type.bundle.ui-testing";
		};
		C8A6060C2C38470F00959C8E /* DBXKitTests */ = {
			isa = PBXNativeTarget;
			buildConfigurationList = C8A606132C38471000959C8E /* Build configuration list for PBXNativeTarget "DBXKitTests" */;
			buildPhases = (
				C8A606092C38470F00959C8E /* Sources */,
				C8A6060A2C38470F00959C8E /* Frameworks */,
				C8A6060B2C38470F00959C8E /* Resources */,
			);
			buildRules = (
			);
			dependencies = (
				C8A606122C38470F00959C8E /* PBXTargetDependency */,
			);
			name = DBXKitTests;
			productName = DBXKitTests;
			productReference = C8A6060D2C38470F00959C8E /* DBXKitTests.xctest */;
			productType = "com.apple.product-type.bundle.unit-test";
		};
/* End PBXNativeTarget section */

/* Begin PBXProject section */
		2E95C2662691C9FD00A2801A /* Project object */ = {
			isa = PBXProject;
			attributes = {
				CLASSPREFIX = DBX;
				LastUpgradeCheck = 1250;
				ORGANIZATIONNAME = DBX;
				TargetAttributes = {
					2E95C26D2691C9FD00A2801A = {
						CreatedOnToolsVersion = 12.5.1;
					};
					C8A605FD2C3844A000959C8E = {
						CreatedOnToolsVersion = 15.1;
						TestTargetID = 2E95C26D2691C9FD00A2801A;
					};
					C8A6060C2C38470F00959C8E = {
						CreatedOnToolsVersion = 15.1;
						TestTargetID = 2E95C26D2691C9FD00A2801A;
					};
				};
			};
			buildConfigurationList = 2E95C2692691C9FD00A2801A /* Build configuration list for PBXProject "DBXKit" */;
			compatibilityVersion = "Xcode 9.3";
			developmentRegion = en;
			hasScannedForEncodings = 0;
			knownRegions = (
				en,
				Base,
			);
			mainGroup = 2E95C2652691C9FD00A2801A;
			productRefGroup = 2E95C26F2691C9FD00A2801A /* Products */;
			projectDirPath = "";
			projectRoot = "";
			targets = (
				2E95C26D2691C9FD00A2801A /* DBXKit */,
				C8A605FD2C3844A000959C8E /* DBXKitUITests */,
				C8A6060C2C38470F00959C8E /* DBXKitTests */,
			);
		};
/* End PBXProject section */

/* Begin PBXResourcesBuildPhase section */
		2E95C26C2691C9FD00A2801A /* Resources */ = {
			isa = PBXResourcesBuildPhase;
			buildActionMask = 2147483647;
			files = (
				C8F301622B40656E00524BEE /* testConfig.plist in Resources */,
				2E95C2812691CA0100A2801A /* LaunchScreen.storyboard in Resources */,
				C8F3016C2B4074E100524BEE /* DBXChainVC.xib in Resources */,
				2E95C27E2691CA0100A2801A /* Assets.xcassets in Resources */,
				2E95C27C2691C9FD00A2801A /* Main.storyboard in Resources */,
			);
			runOnlyForDeploymentPostprocessing = 0;
		};
		C8A605FC2C3844A000959C8E /* Resources */ = {
			isa = PBXResourcesBuildPhase;
			buildActionMask = 2147483647;
			files = (
			);
			runOnlyForDeploymentPostprocessing = 0;
		};
		C8A6060B2C38470F00959C8E /* Resources */ = {
			isa = PBXResourcesBuildPhase;
			buildActionMask = 2147483647;
			files = (
				C87C67CF2D984E4000D9E71A /* StubsJsonTests.geojson in Resources */,
				C87C67D12D9EE58100D9E71A /* testforStub.pdf in Resources */,
			);
			runOnlyForDeploymentPostprocessing = 0;
		};
/* End PBXResourcesBuildPhase section */

/* Begin PBXShellScriptBuildPhase section */
		2B984B68AC00F98F497E71A5 /* [CP] Check Pods Manifest.lock */ = {
			isa = PBXShellScriptBuildPhase;
			buildActionMask = 2147483647;
			files = (
			);
			inputFileListPaths = (
			);
			inputPaths = (
				"${PODS_PODFILE_DIR_PATH}/Podfile.lock",
				"${PODS_ROOT}/Manifest.lock",
			);
			name = "[CP] Check Pods Manifest.lock";
			outputFileListPaths = (
			);
			outputPaths = (
				"$(DERIVED_FILE_DIR)/Pods-DBXKit-checkManifestLockResult.txt",
			);
			runOnlyForDeploymentPostprocessing = 0;
			shellPath = /bin/sh;
			shellScript = "diff \"${PODS_PODFILE_DIR_PATH}/Podfile.lock\" \"${PODS_ROOT}/Manifest.lock\" > /dev/null\nif [ $? != 0 ] ; then\n    # print error to STDERR\n    echo \"error: The sandbox is not in sync with the Podfile.lock. Run 'pod install' or update your CocoaPods installation.\" >&2\n    exit 1\nfi\n# This output is used by Xcode 'outputs' to avoid re-running this script phase.\necho \"SUCCESS\" > \"${SCRIPT_OUTPUT_FILE_0}\"\n";
			showEnvVarsInLog = 0;
		};
		81AC1B588555D2D4357E9C9D /* [CP] Embed Pods Frameworks */ = {
			isa = PBXShellScriptBuildPhase;
			buildActionMask = 2147483647;
			files = (
			);
			inputFileListPaths = (
				"${PODS_ROOT}/Target Support Files/Pods-DBXKit/Pods-DBXKit-frameworks-${CONFIGURATION}-input-files.xcfilelist",
			);
			inputPaths = (
			);
			name = "[CP] Embed Pods Frameworks";
			outputFileListPaths = (
				"${PODS_ROOT}/Target Support Files/Pods-DBXKit/Pods-DBXKit-frameworks-${CONFIGURATION}-output-files.xcfilelist",
			);
			outputPaths = (
			);
			runOnlyForDeploymentPostprocessing = 0;
			shellPath = /bin/sh;
			shellScript = "\"${PODS_ROOT}/Target Support Files/Pods-DBXKit/Pods-DBXKit-frameworks.sh\"\n";
			showEnvVarsInLog = 0;
		};
/* End PBXShellScriptBuildPhase section */

/* Begin PBXSourcesBuildPhase section */
		2E95C26A2691C9FD00A2801A /* Sources */ = {
			isa = PBXSourcesBuildPhase;
			buildActionMask = 2147483647;
			files = (
				C8C2362F287FAF7A00AD75F1 /* UIApplication+DBXAR.m in Sources */,
				C81B0DEC2C689F37006A6452 /* NSInvocation+DBX.m in Sources */,
				C864D8F12B53B85A007D11E8 /* MySyringInterface.m in Sources */,
				C87C67CA2D91BEEC00D9E71A /* DBXStubsResponse.m in Sources */,
				C8EA514C2C64E5D900CACE45 /* DBXTrack.m in Sources */,
				C82D325A2E0536CF00A3FAAC /* DBXGuard.m in Sources */,
				C881793126958BC900656441 /* NSDictionary+dbx_valuePath.m in Sources */,
				2E0482C8288259D200C69D08 /* UIView+DBXAR.m in Sources */,
				2E67BF6728968CD40024839C /* DBXGestureTarget.m in Sources */,
				2E0482D5288BFADF00C69D08 /* DBXViewUtils.m in Sources */,
				C8F301812B4A9CDB00524BEE /* DBXSyringeInject.m in Sources */,
				C8F301602B40616C00524BEE /* DBXChainViewController.m in Sources */,
				C8F301682B40704800524BEE /* DBXBaseViewController.m in Sources */,
				2EF739A8287AC793007B2A95 /* UIView+DBXCore.m in Sources */,
				C87C67D62DA4229F00D9E71A /* DBXTestHookADViewController.m in Sources */,
				2E95C2792691C9FD00A2801A /* ViewController.m in Sources */,
				2E95C2732691C9FD00A2801A /* AppDelegate.m in Sources */,
				C8767EE0269E869B005C0B2C /* MnaLabelsView.m in Sources */,
				C880A62E2B66ADEF008C9C36 /* DBXDebounceViewController.m in Sources */,
				C81B0DEF2C68A051006A6452 /* DBXUnit.m in Sources */,
				C8FA14342C5B56FA002F6B4A /* UIView+dbx_clickedArea.m in Sources */,
				C87C67C12D91ADC900D9E71A /* DBXStubs.m in Sources */,
				C8F569902C55EDDC008100D7 /* DBXConfig.m in Sources */,
				C8A5A7F92AD4F34B00643495 /* DBXTextModel.m in Sources */,
				C8F301842B4A9CDB00524BEE /* DBXSyringeMethod.m in Sources */,
				C880A62B2B64F0EB008C9C36 /* DBXDebounceDealloc.m in Sources */,
				C8F301802B4A9CDB00524BEE /* DBXSyringeInterface.m in Sources */,
				C8F301832B4A9CDB00524BEE /* DBXSyringeTmpArgument.m in Sources */,
				2E95C2842691CA0100A2801A /* main.m in Sources */,
				C8F301822B4A9CDB00524BEE /* DBXSyringeFactory.m in Sources */,
				C881793026958BC900656441 /* NSObject+dbx_modelValue.m in Sources */,
				2E67BF64289688280024839C /* UIGestureRecognizer+DBXAR.m in Sources */,
				2E0482CC2882C13100C69D08 /* TextAutoReportImpl.m in Sources */,
				C8767EE7269E898E005C0B2C /* DBXTextCollectionViewCell.m in Sources */,
				C87C67D92DA4246600D9E71A /* DBXADInjector.m in Sources */,
				2E70D2C62933165F00ED8B9E /* DBXChainTask.m in Sources */,
				2EF739AC287AD405007B2A95 /* DBXAutoReportManager.m in Sources */,
				C8DD74A928D30F1D00E08AA1 /* DBXTaskQueueManager.m in Sources */,
				C81B0DE92C674F77006A6452 /* DBXRuntimeUtils.m in Sources */,
				C828F8D32C5B548800F43AF5 /* DBXLog.m in Sources */,
				C87C67C42D91AFC200D9E71A /* DBXStubsURLProtocol.m in Sources */,
				C864D8F72B53B8AF007D11E8 /* Animal.m in Sources */,
				2E0482C52882597500C69D08 /* DBXARUtils.m in Sources */,
				C880A6252B5EC298008C9C36 /* DBXDebounce.m in Sources */,
				C8EA514F2C64EF2700CACE45 /* DBXTrackTarget.m in Sources */,
				C8BF50692BD49BED0032721C /* DBXTaskQueueViewController.m in Sources */,
				C8DB31CF293A26F500090C61 /* DBXOperate.m in Sources */,
				C8F3016F2B41690F00524BEE /* DBXLabelsTestViewController.m in Sources */,
				C8C2362C287FAD8600AD75F1 /* NSObject+DBXRuntime.m in Sources */,
				C8DD74A628D30DC000E08AA1 /* DBXTaskTimerManager.m in Sources */,
				C8A5A7F62AD4EAA600643495 /* NSObject+PropertyObserver.m in Sources */,
				C85C1A9F2AC5720800842EF6 /* NSAttributedString+dbx.m in Sources */,
				C864D8F42B53B88A007D11E8 /* People.m in Sources */,
				C864D8EE2B53B77C007D11E8 /* DBXSyringViewController.m in Sources */,
				C8F301862B4A9CDB00524BEE /* DBXSyringeInterface+DBXSy.m in Sources */,
			);
			runOnlyForDeploymentPostprocessing = 0;
		};
		C8A605FA2C3844A000959C8E /* Sources */ = {
			isa = PBXSourcesBuildPhase;
			buildActionMask = 2147483647;
			files = (
			);
			runOnlyForDeploymentPostprocessing = 0;
		};
		C8A606092C38470F00959C8E /* Sources */ = {
			isa = PBXSourcesBuildPhase;
			buildActionMask = 2147483647;
			files = (
				C8FA14352C5B56FA002F6B4A /* UIView+dbx_clickedArea.m in Sources */,
				C8A606102C38470F00959C8E /* DBXKitTests.m in Sources */,
				C8D09D812E0945BA0012E036 /* DBXGuardTests.m in Sources */,
				C87C67CD2D984CB000D9E71A /* DBXStubTests.m in Sources */,
			);
			runOnlyForDeploymentPostprocessing = 0;
		};
/* End PBXSourcesBuildPhase section */

/* Begin PBXTargetDependency section */
		C8A606052C3844A100959C8E /* PBXTargetDependency */ = {
			isa = PBXTargetDependency;
			target = 2E95C26D2691C9FD00A2801A /* DBXKit */;
			targetProxy = C8A606042C3844A100959C8E /* PBXContainerItemProxy */;
		};
		C8A606122C38470F00959C8E /* PBXTargetDependency */ = {
			isa = PBXTargetDependency;
			target = 2E95C26D2691C9FD00A2801A /* DBXKit */;
			targetProxy = C8A606112C38470F00959C8E /* PBXContainerItemProxy */;
		};
/* End PBXTargetDependency section */

/* Begin PBXVariantGroup section */
		2E95C27A2691C9FD00A2801A /* Main.storyboard */ = {
			isa = PBXVariantGroup;
			children = (
				2E95C27B2691C9FD00A2801A /* Base */,
			);
			name = Main.storyboard;
			sourceTree = "<group>";
		};
		2E95C27F2691CA0100A2801A /* LaunchScreen.storyboard */ = {
			isa = PBXVariantGroup;
			children = (
				2E95C2802691CA0100A2801A /* Base */,
			);
			name = LaunchScreen.storyboard;
			sourceTree = "<group>";
		};
/* End PBXVariantGroup section */

/* Begin XCBuildConfiguration section */
		2E95C2852691CA0100A2801A /* Debug */ = {
			isa = XCBuildConfiguration;
			buildSettings = {
				ALWAYS_SEARCH_USER_PATHS = NO;
				CLANG_ANALYZER_NONNULL = YES;
				CLANG_ANALYZER_NUMBER_OBJECT_CONVERSION = YES_AGGRESSIVE;
				CLANG_CXX_LANGUAGE_STANDARD = "gnu++14";
				CLANG_CXX_LIBRARY = "libc++";
				CLANG_ENABLE_MODULES = YES;
				CLANG_ENABLE_OBJC_ARC = YES;
				CLANG_ENABLE_OBJC_WEAK = YES;
				CLANG_WARN_BLOCK_CAPTURE_AUTORELEASING = YES;
				CLANG_WARN_BOOL_CONVERSION = YES;
				CLANG_WARN_COMMA = YES;
				CLANG_WARN_CONSTANT_CONVERSION = YES;
				CLANG_WARN_DEPRECATED_OBJC_IMPLEMENTATIONS = YES;
				CLANG_WARN_DIRECT_OBJC_ISA_USAGE = YES_ERROR;
				CLANG_WARN_DOCUMENTATION_COMMENTS = YES;
				CLANG_WARN_EMPTY_BODY = YES;
				CLANG_WARN_ENUM_CONVERSION = YES;
				CLANG_WARN_INFINITE_RECURSION = YES;
				CLANG_WARN_INT_CONVERSION = YES;
				CLANG_WARN_NON_LITERAL_NULL_CONVERSION = YES;
				CLANG_WARN_OBJC_IMPLICIT_RETAIN_SELF = YES;
				CLANG_WARN_OBJC_LITERAL_CONVERSION = YES;
				CLANG_WARN_OBJC_ROOT_CLASS = YES_ERROR;
				CLANG_WARN_QUOTED_INCLUDE_IN_FRAMEWORK_HEADER = YES;
				CLANG_WARN_RANGE_LOOP_ANALYSIS = YES;
				CLANG_WARN_STRICT_PROTOTYPES = YES;
				CLANG_WARN_SUSPICIOUS_MOVE = YES;
				CLANG_WARN_UNGUARDED_AVAILABILITY = YES_AGGRESSIVE;
				CLANG_WARN_UNREACHABLE_CODE = YES;
				CLANG_WARN__DUPLICATE_METHOD_MATCH = YES;
				COPY_PHASE_STRIP = NO;
				DEBUG_INFORMATION_FORMAT = dwarf;
				ENABLE_STRICT_OBJC_MSGSEND = YES;
				ENABLE_TESTABILITY = YES;
				GCC_C_LANGUAGE_STANDARD = gnu11;
				GCC_DYNAMIC_NO_PIC = NO;
				GCC_NO_COMMON_BLOCKS = YES;
				GCC_OPTIMIZATION_LEVEL = 0;
				GCC_PREPROCESSOR_DEFINITIONS = (
					"DEBUG=1",
					"$(inherited)",
				);
				GCC_WARN_64_TO_32_BIT_CONVERSION = YES;
				GCC_WARN_ABOUT_RETURN_TYPE = YES_ERROR;
				GCC_WARN_UNDECLARED_SELECTOR = YES;
				GCC_WARN_UNINITIALIZED_AUTOS = YES_AGGRESSIVE;
				GCC_WARN_UNUSED_FUNCTION = YES;
				GCC_WARN_UNUSED_VARIABLE = YES;
				IPHONEOS_DEPLOYMENT_TARGET = 11.0;
				MTL_ENABLE_DEBUG_INFO = INCLUDE_SOURCE;
				MTL_FAST_MATH = YES;
				ONLY_ACTIVE_ARCH = YES;
				SDKROOT = iphoneos;
			};
			name = Debug;
		};
		2E95C2862691CA0100A2801A /* Release */ = {
			isa = XCBuildConfiguration;
			buildSettings = {
				ALWAYS_SEARCH_USER_PATHS = NO;
				CLANG_ANALYZER_NONNULL = YES;
				CLANG_ANALYZER_NUMBER_OBJECT_CONVERSION = YES_AGGRESSIVE;
				CLANG_CXX_LANGUAGE_STANDARD = "gnu++14";
				CLANG_CXX_LIBRARY = "libc++";
				CLANG_ENABLE_MODULES = YES;
				CLANG_ENABLE_OBJC_ARC = YES;
				CLANG_ENABLE_OBJC_WEAK = YES;
				CLANG_WARN_BLOCK_CAPTURE_AUTORELEASING = YES;
				CLANG_WARN_BOOL_CONVERSION = YES;
				CLANG_WARN_COMMA = YES;
				CLANG_WARN_CONSTANT_CONVERSION = YES;
				CLANG_WARN_DEPRECATED_OBJC_IMPLEMENTATIONS = YES;
				CLANG_WARN_DIRECT_OBJC_ISA_USAGE = YES_ERROR;
				CLANG_WARN_DOCUMENTATION_COMMENTS = YES;
				CLANG_WARN_EMPTY_BODY = YES;
				CLANG_WARN_ENUM_CONVERSION = YES;
				CLANG_WARN_INFINITE_RECURSION = YES;
				CLANG_WARN_INT_CONVERSION = YES;
				CLANG_WARN_NON_LITERAL_NULL_CONVERSION = YES;
				CLANG_WARN_OBJC_IMPLICIT_RETAIN_SELF = YES;
				CLANG_WARN_OBJC_LITERAL_CONVERSION = YES;
				CLANG_WARN_OBJC_ROOT_CLASS = YES_ERROR;
				CLANG_WARN_QUOTED_INCLUDE_IN_FRAMEWORK_HEADER = YES;
				CLANG_WARN_RANGE_LOOP_ANALYSIS = YES;
				CLANG_WARN_STRICT_PROTOTYPES = YES;
				CLANG_WARN_SUSPICIOUS_MOVE = YES;
				CLANG_WARN_UNGUARDED_AVAILABILITY = YES_AGGRESSIVE;
				CLANG_WARN_UNREACHABLE_CODE = YES;
				CLANG_WARN__DUPLICATE_METHOD_MATCH = YES;
				COPY_PHASE_STRIP = NO;
				DEBUG_INFORMATION_FORMAT = "dwarf-with-dsym";
				ENABLE_NS_ASSERTIONS = NO;
				ENABLE_STRICT_OBJC_MSGSEND = YES;
				GCC_C_LANGUAGE_STANDARD = gnu11;
				GCC_NO_COMMON_BLOCKS = YES;
				GCC_WARN_64_TO_32_BIT_CONVERSION = YES;
				GCC_WARN_ABOUT_RETURN_TYPE = YES_ERROR;
				GCC_WARN_UNDECLARED_SELECTOR = YES;
				GCC_WARN_UNINITIALIZED_AUTOS = YES_AGGRESSIVE;
				GCC_WARN_UNUSED_FUNCTION = YES;
				GCC_WARN_UNUSED_VARIABLE = YES;
				IPHONEOS_DEPLOYMENT_TARGET = 11.0;
				MTL_ENABLE_DEBUG_INFO = NO;
				MTL_FAST_MATH = YES;
				SDKROOT = iphoneos;
				VALIDATE_PRODUCT = YES;
			};
			name = Release;
		};
		2E95C2882691CA0100A2801A /* Debug */ = {
			isa = XCBuildConfiguration;
			baseConfigurationReference = 862E7400B3374E118EDD226F /* Pods-DBXKit.debug.xcconfig */;
			buildSettings = {
				ASSETCATALOG_COMPILER_APPICON_NAME = AppIcon;
				ASSETCATALOG_COMPILER_GLOBAL_ACCENT_COLOR_NAME = AccentColor;
				CODE_SIGN_STYLE = Automatic;
				DEVELOPMENT_TEAM = 28T35BAS7W;
				INFOPLIST_FILE = DBXKit/Info.plist;
				IPHONEOS_DEPLOYMENT_TARGET = 11.0;
				LD_RUNPATH_SEARCH_PATHS = (
					"$(inherited)",
					"@executable_path/Frameworks",
				);
				PRODUCT_BUNDLE_IDENTIFIER = DBX.DBXKit;
				PRODUCT_NAME = "$(TARGET_NAME)";
				TARGETED_DEVICE_FAMILY = "1,2";
			};
			name = Debug;
		};
		2E95C2892691CA0100A2801A /* Release */ = {
			isa = XCBuildConfiguration;
			baseConfigurationReference = 1713F4135C3BA6C761A8A128 /* Pods-DBXKit.release.xcconfig */;
			buildSettings = {
				ASSETCATALOG_COMPILER_APPICON_NAME = AppIcon;
				ASSETCATALOG_COMPILER_GLOBAL_ACCENT_COLOR_NAME = AccentColor;
				CODE_SIGN_STYLE = Automatic;
				DEVELOPMENT_TEAM = 28T35BAS7W;
				INFOPLIST_FILE = DBXKit/Info.plist;
				IPHONEOS_DEPLOYMENT_TARGET = 11.0;
				LD_RUNPATH_SEARCH_PATHS = (
					"$(inherited)",
					"@executable_path/Frameworks",
				);
				PRODUCT_BUNDLE_IDENTIFIER = DBX.DBXKit;
				PRODUCT_NAME = "$(TARGET_NAME)";
				TARGETED_DEVICE_FAMILY = "1,2";
			};
			name = Release;
		};
		C8A606072C3844A100959C8E /* Debug */ = {
			isa = XCBuildConfiguration;
			buildSettings = {
				ASSETCATALOG_COMPILER_GENERATE_SWIFT_ASSET_SYMBOL_EXTENSIONS = YES;
				CLANG_CXX_LANGUAGE_STANDARD = "gnu++20";
				CODE_SIGN_STYLE = Automatic;
				CURRENT_PROJECT_VERSION = 1;
				DEVELOPMENT_TEAM = 28T35BAS7W;
				ENABLE_USER_SCRIPT_SANDBOXING = YES;
				GCC_C_LANGUAGE_STANDARD = gnu17;
				GENERATE_INFOPLIST_FILE = YES;
				IPHONEOS_DEPLOYMENT_TARGET = 12.0;
				LOCALIZATION_PREFERS_STRING_CATALOGS = YES;
				MARKETING_VERSION = 1.0;
				PRODUCT_BUNDLE_IDENTIFIER = DBX.DBXKitUITests;
				PRODUCT_NAME = "$(TARGET_NAME)";
				SWIFT_EMIT_LOC_STRINGS = NO;
				TARGETED_DEVICE_FAMILY = "1,2";
				TEST_TARGET_NAME = DBXKit;
			};
			name = Debug;
		};
		C8A606082C3844A100959C8E /* Release */ = {
			isa = XCBuildConfiguration;
			buildSettings = {
				ASSETCATALOG_COMPILER_GENERATE_SWIFT_ASSET_SYMBOL_EXTENSIONS = YES;
				CLANG_CXX_LANGUAGE_STANDARD = "gnu++20";
				CODE_SIGN_STYLE = Automatic;
				CURRENT_PROJECT_VERSION = 1;
				DEVELOPMENT_TEAM = 28T35BAS7W;
				ENABLE_USER_SCRIPT_SANDBOXING = YES;
				GCC_C_LANGUAGE_STANDARD = gnu17;
				GENERATE_INFOPLIST_FILE = YES;
				IPHONEOS_DEPLOYMENT_TARGET = 12.0;
				LOCALIZATION_PREFERS_STRING_CATALOGS = YES;
				MARKETING_VERSION = 1.0;
				PRODUCT_BUNDLE_IDENTIFIER = DBX.DBXKitUITests;
				PRODUCT_NAME = "$(TARGET_NAME)";
				SWIFT_EMIT_LOC_STRINGS = NO;
				TARGETED_DEVICE_FAMILY = "1,2";
				TEST_TARGET_NAME = DBXKit;
			};
			name = Release;
		};
		C8A606142C38471000959C8E /* Debug */ = {
			isa = XCBuildConfiguration;
			buildSettings = {
				ASSETCATALOG_COMPILER_GENERATE_SWIFT_ASSET_SYMBOL_EXTENSIONS = YES;
				BUNDLE_LOADER = "$(TEST_HOST)";
				CLANG_CXX_LANGUAGE_STANDARD = "gnu++20";
				CODE_SIGN_STYLE = Automatic;
				CURRENT_PROJECT_VERSION = 1;
				DEVELOPMENT_TEAM = 28T35BAS7W;
				ENABLE_USER_SCRIPT_SANDBOXING = YES;
				GCC_C_LANGUAGE_STANDARD = gnu17;
				GENERATE_INFOPLIST_FILE = YES;
				IPHONEOS_DEPLOYMENT_TARGET = 12.0;
				LOCALIZATION_PREFERS_STRING_CATALOGS = YES;
				MARKETING_VERSION = 1.0;
				PRODUCT_BUNDLE_IDENTIFIER = DBX.DBXKitTests;
				PRODUCT_NAME = "$(TARGET_NAME)";
				SWIFT_EMIT_LOC_STRINGS = NO;
				TARGETED_DEVICE_FAMILY = "1,2";
				TEST_HOST = "$(BUILT_PRODUCTS_DIR)/DBXKit.app/$(BUNDLE_EXECUTABLE_FOLDER_PATH)/DBXKit";
			};
			name = Debug;
		};
		C8A606152C38471000959C8E /* Release */ = {
			isa = XCBuildConfiguration;
			buildSettings = {
				ASSETCATALOG_COMPILER_GENERATE_SWIFT_ASSET_SYMBOL_EXTENSIONS = YES;
				BUNDLE_LOADER = "$(TEST_HOST)";
				CLANG_CXX_LANGUAGE_STANDARD = "gnu++20";
				CODE_SIGN_STYLE = Automatic;
				CURRENT_PROJECT_VERSION = 1;
				DEVELOPMENT_TEAM = 28T35BAS7W;
				ENABLE_USER_SCRIPT_SANDBOXING = YES;
				GCC_C_LANGUAGE_STANDARD = gnu17;
				GENERATE_INFOPLIST_FILE = YES;
				IPHONEOS_DEPLOYMENT_TARGET = 12.0;
				LOCALIZATION_PREFERS_STRING_CATALOGS = YES;
				MARKETING_VERSION = 1.0;
				PRODUCT_BUNDLE_IDENTIFIER = DBX.DBXKitTests;
				PRODUCT_NAME = "$(TARGET_NAME)";
				SWIFT_EMIT_LOC_STRINGS = NO;
				TARGETED_DEVICE_FAMILY = "1,2";
				TEST_HOST = "$(BUILT_PRODUCTS_DIR)/DBXKit.app/$(BUNDLE_EXECUTABLE_FOLDER_PATH)/DBXKit";
			};
			name = Release;
		};
/* End XCBuildConfiguration section */

/* Begin XCConfigurationList section */
		2E95C2692691C9FD00A2801A /* Build configuration list for PBXProject "DBXKit" */ = {
			isa = XCConfigurationList;
			buildConfigurations = (
				2E95C2852691CA0100A2801A /* Debug */,
				2E95C2862691CA0100A2801A /* Release */,
			);
			defaultConfigurationIsVisible = 0;
			defaultConfigurationName = Release;
		};
		2E95C2872691CA0100A2801A /* Build configuration list for PBXNativeTarget "DBXKit" */ = {
			isa = XCConfigurationList;
			buildConfigurations = (
				2E95C2882691CA0100A2801A /* Debug */,
				2E95C2892691CA0100A2801A /* Release */,
			);
			defaultConfigurationIsVisible = 0;
			defaultConfigurationName = Release;
		};
		C8A606062C3844A100959C8E /* Build configuration list for PBXNativeTarget "DBXKitUITests" */ = {
			isa = XCConfigurationList;
			buildConfigurations = (
				C8A606072C3844A100959C8E /* Debug */,
				C8A606082C3844A100959C8E /* Release */,
			);
			defaultConfigurationIsVisible = 0;
			defaultConfigurationName = Release;
		};
		C8A606132C38471000959C8E /* Build configuration list for PBXNativeTarget "DBXKitTests" */ = {
			isa = XCConfigurationList;
			buildConfigurations = (
				C8A606142C38471000959C8E /* Debug */,
				C8A606152C38471000959C8E /* Release */,
			);
			defaultConfigurationIsVisible = 0;
			defaultConfigurationName = Release;
		};
/* End XCConfigurationList section */
	};
	rootObject = 2E95C2662691C9FD00A2801A /* Project object */;
}
