// !$*UTF8*$!
{
	archiveVersion = 1;
	classes = {
	};
	objectVersion = 51;
	objects = {

/* Begin PBXBuildFile section */
		2E0482C52882597500C69D08 /* DBXARUtils.m in Sources */ = {isa = PBXBuildFile; fileRef = 2E0482C42882597500C69D08 /* DBXARUtils.m */; };
		2E0482C8288259D200C69D08 /* UIView+DBXAR.m in Sources */ = {isa = PBXBuildFile; fileRef = 2E0482C7288259D200C69D08 /* UIView+DBXAR.m */; };
		2E0482CC2882C13100C69D08 /* TextAutoReportImpl.m in Sources */ = {isa = PBXBuildFile; fileRef = 2E0482CB2882C13100C69D08 /* TextAutoReportImpl.m */; };
		2E0482D5288BFADF00C69D08 /* DBXViewUtils.m in Sources */ = {isa = PBXBuildFile; fileRef = 2E0482D4288BFADF00C69D08 /* DBXViewUtils.m */; };
		2E67BF64289688280024839C /* UIGestureRecognizer+DBXAR.m in Sources */ = {isa = PBXBuildFile; fileRef = 2E67BF63289688280024839C /* UIGestureRecognizer+DBXAR.m */; };
		2E67BF6728968CD40024839C /* DBXGestureTarget.m in Sources */ = {isa = PBXBuildFile; fileRef = 2E67BF6628968CD40024839C /* DBXGestureTarget.m */; };
		2E95C2732691C9FD00A2801A /* AppDelegate.m in Sources */ = {isa = PBXBuildFile; fileRef = 2E95C2722691C9FD00A2801A /* AppDelegate.m */; };
		2E95C2762691C9FD00A2801A /* SceneDelegate.m in Sources */ = {isa = PBXBuildFile; fileRef = 2E95C2752691C9FD00A2801A /* SceneDelegate.m */; };
		2E95C2792691C9FD00A2801A /* ViewController.m in Sources */ = {isa = PBXBuildFile; fileRef = 2E95C2782691C9FD00A2801A /* ViewController.m */; };
		2E95C27C2691C9FD00A2801A /* Main.storyboard in Resources */ = {isa = PBXBuildFile; fileRef = 2E95C27A2691C9FD00A2801A /* Main.storyboard */; };
		2E95C27E2691CA0100A2801A /* Assets.xcassets in Resources */ = {isa = PBXBuildFile; fileRef = 2E95C27D2691CA0100A2801A /* Assets.xcassets */; };
		2E95C2812691CA0100A2801A /* LaunchScreen.storyboard in Resources */ = {isa = PBXBuildFile; fileRef = 2E95C27F2691CA0100A2801A /* LaunchScreen.storyboard */; };
		2E95C2842691CA0100A2801A /* main.m in Sources */ = {isa = PBXBuildFile; fileRef = 2E95C2832691CA0100A2801A /* main.m */; };
		2EF739A8287AC793007B2A95 /* UIView+DBXCore.m in Sources */ = {isa = PBXBuildFile; fileRef = 2EF739A7287AC793007B2A95 /* UIView+DBXCore.m */; };
		2EF739AC287AD405007B2A95 /* DBXAutoReportManager.m in Sources */ = {isa = PBXBuildFile; fileRef = 2EF739AB287AD405007B2A95 /* DBXAutoReportManager.m */; };
		70E96505CCF9CA9A13017130 /* Pods_DBXKit.framework in Frameworks */ = {isa = PBXBuildFile; fileRef = B641B5D2372CF2AE0559F1E1 /* Pods_DBXKit.framework */; };
		C8767EE0269E869B005C0B2C /* MnaLabelsView.m in Sources */ = {isa = PBXBuildFile; fileRef = C8767EDE269E869B005C0B2C /* MnaLabelsView.m */; };
		C8767EE7269E898E005C0B2C /* DBXTextCollectionViewCell.m in Sources */ = {isa = PBXBuildFile; fileRef = C8767EE6269E898E005C0B2C /* DBXTextCollectionViewCell.m */; };
		C881793026958BC900656441 /* NSObject+dbx_modelValue.m in Sources */ = {isa = PBXBuildFile; fileRef = C881792C26958BC900656441 /* NSObject+dbx_modelValue.m */; };
		C881793126958BC900656441 /* NSDictionary+dbx_valuePath.m in Sources */ = {isa = PBXBuildFile; fileRef = C881792D26958BC900656441 /* NSDictionary+dbx_valuePath.m */; };
		C8C2362C287FAD8600AD75F1 /* NSObject+DBXRuntime.m in Sources */ = {isa = PBXBuildFile; fileRef = C8C2362B287FAD8600AD75F1 /* NSObject+DBXRuntime.m */; };
		C8C2362F287FAF7A00AD75F1 /* UIApplication+DBXAR.m in Sources */ = {isa = PBXBuildFile; fileRef = C8C2362E287FAF7A00AD75F1 /* UIApplication+DBXAR.m */; };
		C8DD74A628D30DC000E08AA1 /* MnaTaskTimerManager.m in Sources */ = {isa = PBXBuildFile; fileRef = C8DD74A428D30DC000E08AA1 /* MnaTaskTimerManager.m */; };
		C8DD74A928D30F1D00E08AA1 /* MnaIMMessageQueueManager.m in Sources */ = {isa = PBXBuildFile; fileRef = C8DD74A728D30F1D00E08AA1 /* MnaIMMessageQueueManager.m */; };
/* End PBXBuildFile section */

/* Begin PBXFileReference section */
		1713F4135C3BA6C761A8A128 /* Pods-DBXKit.release.xcconfig */ = {isa = PBXFileReference; includeInIndex = 1; lastKnownFileType = text.xcconfig; name = "Pods-DBXKit.release.xcconfig"; path = "Target Support Files/Pods-DBXKit/Pods-DBXKit.release.xcconfig"; sourceTree = "<group>"; };
		2E0482C32882597500C69D08 /* DBXARUtils.h */ = {isa = PBXFileReference; lastKnownFileType = sourcecode.c.h; path = DBXARUtils.h; sourceTree = "<group>"; };
		2E0482C42882597500C69D08 /* DBXARUtils.m */ = {isa = PBXFileReference; lastKnownFileType = sourcecode.c.objc; path = DBXARUtils.m; sourceTree = "<group>"; };
		2E0482C6288259D200C69D08 /* UIView+DBXAR.h */ = {isa = PBXFileReference; lastKnownFileType = sourcecode.c.h; path = "UIView+DBXAR.h"; sourceTree = "<group>"; };
		2E0482C7288259D200C69D08 /* UIView+DBXAR.m */ = {isa = PBXFileReference; lastKnownFileType = sourcecode.c.objc; path = "UIView+DBXAR.m"; sourceTree = "<group>"; };
		2E0482C92882BD2600C69D08 /* DBXAutoReport.h */ = {isa = PBXFileReference; lastKnownFileType = sourcecode.c.h; path = DBXAutoReport.h; sourceTree = "<group>"; };
		2E0482CA2882C13100C69D08 /* TextAutoReportImpl.h */ = {isa = PBXFileReference; lastKnownFileType = sourcecode.c.h; path = TextAutoReportImpl.h; sourceTree = "<group>"; };
		2E0482CB2882C13100C69D08 /* TextAutoReportImpl.m */ = {isa = PBXFileReference; lastKnownFileType = sourcecode.c.objc; path = TextAutoReportImpl.m; sourceTree = "<group>"; };
		2E0482D3288BFADF00C69D08 /* DBXViewUtils.h */ = {isa = PBXFileReference; lastKnownFileType = sourcecode.c.h; path = DBXViewUtils.h; sourceTree = "<group>"; };
		2E0482D4288BFADF00C69D08 /* DBXViewUtils.m */ = {isa = PBXFileReference; lastKnownFileType = sourcecode.c.objc; path = DBXViewUtils.m; sourceTree = "<group>"; };
		2E0E8FF9287B035500E12B42 /* DBXExtension.h */ = {isa = PBXFileReference; lastKnownFileType = sourcecode.c.h; path = DBXExtension.h; sourceTree = "<group>"; };
		2E67BF62289688280024839C /* UIGestureRecognizer+DBXAR.h */ = {isa = PBXFileReference; lastKnownFileType = sourcecode.c.h; path = "UIGestureRecognizer+DBXAR.h"; sourceTree = "<group>"; };
		2E67BF63289688280024839C /* UIGestureRecognizer+DBXAR.m */ = {isa = PBXFileReference; lastKnownFileType = sourcecode.c.objc; path = "UIGestureRecognizer+DBXAR.m"; sourceTree = "<group>"; };
		2E67BF6528968CD40024839C /* DBXGestureTarget.h */ = {isa = PBXFileReference; lastKnownFileType = sourcecode.c.h; path = DBXGestureTarget.h; sourceTree = "<group>"; };
		2E67BF6628968CD40024839C /* DBXGestureTarget.m */ = {isa = PBXFileReference; lastKnownFileType = sourcecode.c.objc; path = DBXGestureTarget.m; sourceTree = "<group>"; };
		2E95C26E2691C9FD00A2801A /* DBXKit.app */ = {isa = PBXFileReference; explicitFileType = wrapper.application; includeInIndex = 0; path = DBXKit.app; sourceTree = BUILT_PRODUCTS_DIR; };
		2E95C2712691C9FD00A2801A /* AppDelegate.h */ = {isa = PBXFileReference; lastKnownFileType = sourcecode.c.h; path = AppDelegate.h; sourceTree = "<group>"; };
		2E95C2722691C9FD00A2801A /* AppDelegate.m */ = {isa = PBXFileReference; lastKnownFileType = sourcecode.c.objc; path = AppDelegate.m; sourceTree = "<group>"; };
		2E95C2742691C9FD00A2801A /* SceneDelegate.h */ = {isa = PBXFileReference; lastKnownFileType = sourcecode.c.h; path = SceneDelegate.h; sourceTree = "<group>"; };
		2E95C2752691C9FD00A2801A /* SceneDelegate.m */ = {isa = PBXFileReference; lastKnownFileType = sourcecode.c.objc; path = SceneDelegate.m; sourceTree = "<group>"; };
		2E95C2772691C9FD00A2801A /* ViewController.h */ = {isa = PBXFileReference; lastKnownFileType = sourcecode.c.h; path = ViewController.h; sourceTree = "<group>"; };
		2E95C2782691C9FD00A2801A /* ViewController.m */ = {isa = PBXFileReference; lastKnownFileType = sourcecode.c.objc; path = ViewController.m; sourceTree = "<group>"; };
		2E95C27B2691C9FD00A2801A /* Base */ = {isa = PBXFileReference; lastKnownFileType = file.storyboard; name = Base; path = Base.lproj/Main.storyboard; sourceTree = "<group>"; };
		2E95C27D2691CA0100A2801A /* Assets.xcassets */ = {isa = PBXFileReference; lastKnownFileType = folder.assetcatalog; path = Assets.xcassets; sourceTree = "<group>"; };
		2E95C2802691CA0100A2801A /* Base */ = {isa = PBXFileReference; lastKnownFileType = file.storyboard; name = Base; path = Base.lproj/LaunchScreen.storyboard; sourceTree = "<group>"; };
		2E95C2822691CA0100A2801A /* Info.plist */ = {isa = PBXFileReference; lastKnownFileType = text.plist.xml; path = Info.plist; sourceTree = "<group>"; };
		2E95C2832691CA0100A2801A /* main.m */ = {isa = PBXFileReference; lastKnownFileType = sourcecode.c.objc; path = main.m; sourceTree = "<group>"; };
		2EF739A6287AC793007B2A95 /* UIView+DBXCore.h */ = {isa = PBXFileReference; lastKnownFileType = sourcecode.c.h; path = "UIView+DBXCore.h"; sourceTree = "<group>"; };
		2EF739A7287AC793007B2A95 /* UIView+DBXCore.m */ = {isa = PBXFileReference; lastKnownFileType = sourcecode.c.objc; path = "UIView+DBXCore.m"; sourceTree = "<group>"; };
		2EF739AA287AD405007B2A95 /* DBXAutoReportManager.h */ = {isa = PBXFileReference; lastKnownFileType = sourcecode.c.h; path = DBXAutoReportManager.h; sourceTree = "<group>"; };
		2EF739AB287AD405007B2A95 /* DBXAutoReportManager.m */ = {isa = PBXFileReference; lastKnownFileType = sourcecode.c.objc; path = DBXAutoReportManager.m; sourceTree = "<group>"; };
		862E7400B3374E118EDD226F /* Pods-DBXKit.debug.xcconfig */ = {isa = PBXFileReference; includeInIndex = 1; lastKnownFileType = text.xcconfig; name = "Pods-DBXKit.debug.xcconfig"; path = "Target Support Files/Pods-DBXKit/Pods-DBXKit.debug.xcconfig"; sourceTree = "<group>"; };
		B641B5D2372CF2AE0559F1E1 /* Pods_DBXKit.framework */ = {isa = PBXFileReference; explicitFileType = wrapper.framework; includeInIndex = 0; path = Pods_DBXKit.framework; sourceTree = BUILT_PRODUCTS_DIR; };
		C8767EDE269E869B005C0B2C /* MnaLabelsView.m */ = {isa = PBXFileReference; fileEncoding = 4; lastKnownFileType = sourcecode.c.objc; path = MnaLabelsView.m; sourceTree = "<group>"; };
		C8767EDF269E869B005C0B2C /* MnaLabelsView.h */ = {isa = PBXFileReference; fileEncoding = 4; lastKnownFileType = sourcecode.c.h; path = MnaLabelsView.h; sourceTree = "<group>"; };
		C8767EE5269E898E005C0B2C /* DBXTextCollectionViewCell.h */ = {isa = PBXFileReference; fileEncoding = 4; lastKnownFileType = sourcecode.c.h; path = DBXTextCollectionViewCell.h; sourceTree = "<group>"; };
		C8767EE6269E898E005C0B2C /* DBXTextCollectionViewCell.m */ = {isa = PBXFileReference; fileEncoding = 4; lastKnownFileType = sourcecode.c.objc; path = DBXTextCollectionViewCell.m; sourceTree = "<group>"; };
		C881792C26958BC900656441 /* NSObject+dbx_modelValue.m */ = {isa = PBXFileReference; fileEncoding = 4; lastKnownFileType = sourcecode.c.objc; path = "NSObject+dbx_modelValue.m"; sourceTree = "<group>"; };
		C881792D26958BC900656441 /* NSDictionary+dbx_valuePath.m */ = {isa = PBXFileReference; fileEncoding = 4; lastKnownFileType = sourcecode.c.objc; path = "NSDictionary+dbx_valuePath.m"; sourceTree = "<group>"; };
		C881792E26958BC900656441 /* NSObject+dbx_modelValue.h */ = {isa = PBXFileReference; fileEncoding = 4; lastKnownFileType = sourcecode.c.h; path = "NSObject+dbx_modelValue.h"; sourceTree = "<group>"; };
		C881792F26958BC900656441 /* NSDictionary+dbx_valuePath.h */ = {isa = PBXFileReference; fileEncoding = 4; lastKnownFileType = sourcecode.c.h; path = "NSDictionary+dbx_valuePath.h"; sourceTree = "<group>"; };
		C8C2362A287FAD8600AD75F1 /* NSObject+DBXRuntime.h */ = {isa = PBXFileReference; lastKnownFileType = sourcecode.c.h; path = "NSObject+DBXRuntime.h"; sourceTree = "<group>"; };
		C8C2362B287FAD8600AD75F1 /* NSObject+DBXRuntime.m */ = {isa = PBXFileReference; lastKnownFileType = sourcecode.c.objc; path = "NSObject+DBXRuntime.m"; sourceTree = "<group>"; };
		C8C2362D287FAF7A00AD75F1 /* UIApplication+DBXAR.h */ = {isa = PBXFileReference; lastKnownFileType = sourcecode.c.h; path = "UIApplication+DBXAR.h"; sourceTree = "<group>"; };
		C8C2362E287FAF7A00AD75F1 /* UIApplication+DBXAR.m */ = {isa = PBXFileReference; lastKnownFileType = sourcecode.c.objc; path = "UIApplication+DBXAR.m"; sourceTree = "<group>"; };
		C8DD74A428D30DC000E08AA1 /* MnaTaskTimerManager.m */ = {isa = PBXFileReference; fileEncoding = 4; lastKnownFileType = sourcecode.c.objc; path = MnaTaskTimerManager.m; sourceTree = "<group>"; };
		C8DD74A528D30DC000E08AA1 /* MnaTaskTimerManager.h */ = {isa = PBXFileReference; fileEncoding = 4; lastKnownFileType = sourcecode.c.h; path = MnaTaskTimerManager.h; sourceTree = "<group>"; };
		C8DD74A728D30F1D00E08AA1 /* MnaIMMessageQueueManager.m */ = {isa = PBXFileReference; fileEncoding = 4; lastKnownFileType = sourcecode.c.objc; path = MnaIMMessageQueueManager.m; sourceTree = "<group>"; };
		C8DD74A828D30F1D00E08AA1 /* MnaIMMessageQueueManager.h */ = {isa = PBXFileReference; fileEncoding = 4; lastKnownFileType = sourcecode.c.h; path = MnaIMMessageQueueManager.h; sourceTree = "<group>"; };
		C8DD74B128D3430600E08AA1 /* DBXTools.h */ = {isa = PBXFileReference; lastKnownFileType = sourcecode.c.h; path = DBXTools.h; sourceTree = "<group>"; };
/* End PBXFileReference section */

/* Begin PBXFrameworksBuildPhase section */
		2E95C26B2691C9FD00A2801A /* Frameworks */ = {
			isa = PBXFrameworksBuildPhase;
			buildActionMask = 2147483647;
			files = (
				70E96505CCF9CA9A13017130 /* Pods_DBXKit.framework in Frameworks */,
			);
			runOnlyForDeploymentPostprocessing = 0;
		};
/* End PBXFrameworksBuildPhase section */

/* Begin PBXGroup section */
		2E95C2652691C9FD00A2801A = {
			isa = PBXGroup;
			children = (
				2E95C2702691C9FD00A2801A /* DBXKit */,
				2E95C26F2691C9FD00A2801A /* Products */,
				6242A63C8703A64C33D98BFB /* Pods */,
				D9777371862E77321C63E740 /* Frameworks */,
			);
			sourceTree = "<group>";
		};
		2E95C26F2691C9FD00A2801A /* Products */ = {
			isa = PBXGroup;
			children = (
				2E95C26E2691C9FD00A2801A /* DBXKit.app */,
			);
			name = Products;
			sourceTree = "<group>";
		};
		2E95C2702691C9FD00A2801A /* DBXKit */ = {
			isa = PBXGroup;
			children = (
				C881792A26958BC900656441 /* Classes */,
				2E95C2712691C9FD00A2801A /* AppDelegate.h */,
				2E95C2722691C9FD00A2801A /* AppDelegate.m */,
				2E95C2742691C9FD00A2801A /* SceneDelegate.h */,
				2E95C2752691C9FD00A2801A /* SceneDelegate.m */,
				2E95C2772691C9FD00A2801A /* ViewController.h */,
				2E95C2782691C9FD00A2801A /* ViewController.m */,
				2E0482CA2882C13100C69D08 /* TextAutoReportImpl.h */,
				2E0482CB2882C13100C69D08 /* TextAutoReportImpl.m */,
				2E95C27A2691C9FD00A2801A /* Main.storyboard */,
				2E95C27D2691CA0100A2801A /* Assets.xcassets */,
				2E95C27F2691CA0100A2801A /* LaunchScreen.storyboard */,
				2E95C2822691CA0100A2801A /* Info.plist */,
				2E95C2832691CA0100A2801A /* main.m */,
			);
			path = DBXKit;
			sourceTree = "<group>";
		};
		2EF739A4287AC21C007B2A95 /* Core */ = {
			isa = PBXGroup;
			children = (
				2EF739A6287AC793007B2A95 /* UIView+DBXCore.h */,
				2EF739A7287AC793007B2A95 /* UIView+DBXCore.m */,
				C8C2362A287FAD8600AD75F1 /* NSObject+DBXRuntime.h */,
				C8C2362B287FAD8600AD75F1 /* NSObject+DBXRuntime.m */,
				2E0482D3288BFADF00C69D08 /* DBXViewUtils.h */,
				2E0482D4288BFADF00C69D08 /* DBXViewUtils.m */,
			);
			path = Core;
			sourceTree = "<group>";
		};
		2EF739A9287AD1EE007B2A95 /* AutoReport */ = {
			isa = PBXGroup;
			children = (
				2EF739AA287AD405007B2A95 /* DBXAutoReportManager.h */,
				2EF739AB287AD405007B2A95 /* DBXAutoReportManager.m */,
				C8C2362D287FAF7A00AD75F1 /* UIApplication+DBXAR.h */,
				C8C2362E287FAF7A00AD75F1 /* UIApplication+DBXAR.m */,
				2E0482C32882597500C69D08 /* DBXARUtils.h */,
				2E0482C42882597500C69D08 /* DBXARUtils.m */,
				2E0482C6288259D200C69D08 /* UIView+DBXAR.h */,
				2E0482C7288259D200C69D08 /* UIView+DBXAR.m */,
				2E67BF62289688280024839C /* UIGestureRecognizer+DBXAR.h */,
				2E67BF63289688280024839C /* UIGestureRecognizer+DBXAR.m */,
				2E67BF6528968CD40024839C /* DBXGestureTarget.h */,
				2E67BF6628968CD40024839C /* DBXGestureTarget.m */,
				2E0482C92882BD2600C69D08 /* DBXAutoReport.h */,
			);
			path = AutoReport;
			sourceTree = "<group>";
		};
		6242A63C8703A64C33D98BFB /* Pods */ = {
			isa = PBXGroup;
			children = (
				862E7400B3374E118EDD226F /* Pods-DBXKit.debug.xcconfig */,
				1713F4135C3BA6C761A8A128 /* Pods-DBXKit.release.xcconfig */,
			);
			path = Pods;
			sourceTree = "<group>";
		};
		C8767EDD269E868F005C0B2C /* Views */ = {
			isa = PBXGroup;
			children = (
				C8767EE1269E87A6005C0B2C /* LabelsView */,
			);
			path = Views;
			sourceTree = "<group>";
		};
		C8767EE1269E87A6005C0B2C /* LabelsView */ = {
			isa = PBXGroup;
			children = (
				C8767EDF269E869B005C0B2C /* MnaLabelsView.h */,
				C8767EDE269E869B005C0B2C /* MnaLabelsView.m */,
				C8767EE5269E898E005C0B2C /* DBXTextCollectionViewCell.h */,
				C8767EE6269E898E005C0B2C /* DBXTextCollectionViewCell.m */,
			);
			path = LabelsView;
			sourceTree = "<group>";
		};
		C881792A26958BC900656441 /* Classes */ = {
			isa = PBXGroup;
			children = (
				2EF739A4287AC21C007B2A95 /* Core */,
				C8DD74A328D3046F00E08AA1 /* Tools */,
				2EF739A9287AD1EE007B2A95 /* AutoReport */,
				C8767EDD269E868F005C0B2C /* Views */,
				C881792B26958BC900656441 /* Extension */,
			);
			path = Classes;
			sourceTree = "<group>";
		};
		C881792B26958BC900656441 /* Extension */ = {
			isa = PBXGroup;
			children = (
				C881792E26958BC900656441 /* NSObject+dbx_modelValue.h */,
				C881792C26958BC900656441 /* NSObject+dbx_modelValue.m */,
				C881792F26958BC900656441 /* NSDictionary+dbx_valuePath.h */,
				C881792D26958BC900656441 /* NSDictionary+dbx_valuePath.m */,
				2E0E8FF9287B035500E12B42 /* DBXExtension.h */,
			);
			path = Extension;
			sourceTree = "<group>";
		};
		C8DD74A328D3046F00E08AA1 /* Tools */ = {
			isa = PBXGroup;
			children = (
				C8DD74A528D30DC000E08AA1 /* MnaTaskTimerManager.h */,
				C8DD74A428D30DC000E08AA1 /* MnaTaskTimerManager.m */,
				C8DD74A828D30F1D00E08AA1 /* MnaIMMessageQueueManager.h */,
				C8DD74A728D30F1D00E08AA1 /* MnaIMMessageQueueManager.m */,
				C8DD74B128D3430600E08AA1 /* DBXTools.h */,
			);
			path = Tools;
			sourceTree = "<group>";
		};
		D9777371862E77321C63E740 /* Frameworks */ = {
			isa = PBXGroup;
			children = (
				B641B5D2372CF2AE0559F1E1 /* Pods_DBXKit.framework */,
			);
			name = Frameworks;
			sourceTree = "<group>";
		};
/* End PBXGroup section */

/* Begin PBXNativeTarget section */
		2E95C26D2691C9FD00A2801A /* DBXKit */ = {
			isa = PBXNativeTarget;
			buildConfigurationList = 2E95C2872691CA0100A2801A /* Build configuration list for PBXNativeTarget "DBXKit" */;
			buildPhases = (
				2B984B68AC00F98F497E71A5 /* [CP] Check Pods Manifest.lock */,
				2E95C26A2691C9FD00A2801A /* Sources */,
				2E95C26B2691C9FD00A2801A /* Frameworks */,
				2E95C26C2691C9FD00A2801A /* Resources */,
				81AC1B588555D2D4357E9C9D /* [CP] Embed Pods Frameworks */,
			);
			buildRules = (
			);
			dependencies = (
			);
			name = DBXKit;
			productName = DBXKit;
			productReference = 2E95C26E2691C9FD00A2801A /* DBXKit.app */;
			productType = "com.apple.product-type.application";
		};
/* End PBXNativeTarget section */

/* Begin PBXProject section */
		2E95C2662691C9FD00A2801A /* Project object */ = {
			isa = PBXProject;
			attributes = {
				CLASSPREFIX = DBX;
				LastUpgradeCheck = 1250;
				ORGANIZATIONNAME = "调包侠";
				TargetAttributes = {
					2E95C26D2691C9FD00A2801A = {
						CreatedOnToolsVersion = 12.5.1;
					};
				};
			};
			buildConfigurationList = 2E95C2692691C9FD00A2801A /* Build configuration list for PBXProject "DBXKit" */;
			compatibilityVersion = "Xcode 9.3";
			developmentRegion = en;
			hasScannedForEncodings = 0;
			knownRegions = (
				en,
				Base,
			);
			mainGroup = 2E95C2652691C9FD00A2801A;
			productRefGroup = 2E95C26F2691C9FD00A2801A /* Products */;
			projectDirPath = "";
			projectRoot = "";
			targets = (
				2E95C26D2691C9FD00A2801A /* DBXKit */,
			);
		};
/* End PBXProject section */

/* Begin PBXResourcesBuildPhase section */
		2E95C26C2691C9FD00A2801A /* Resources */ = {
			isa = PBXResourcesBuildPhase;
			buildActionMask = 2147483647;
			files = (
				2E95C2812691CA0100A2801A /* LaunchScreen.storyboard in Resources */,
				2E95C27E2691CA0100A2801A /* Assets.xcassets in Resources */,
				2E95C27C2691C9FD00A2801A /* Main.storyboard in Resources */,
			);
			runOnlyForDeploymentPostprocessing = 0;
		};
/* End PBXResourcesBuildPhase section */

/* Begin PBXShellScriptBuildPhase section */
		2B984B68AC00F98F497E71A5 /* [CP] Check Pods Manifest.lock */ = {
			isa = PBXShellScriptBuildPhase;
			buildActionMask = 2147483647;
			files = (
			);
			inputFileListPaths = (
			);
			inputPaths = (
				"${PODS_PODFILE_DIR_PATH}/Podfile.lock",
				"${PODS_ROOT}/Manifest.lock",
			);
			name = "[CP] Check Pods Manifest.lock";
			outputFileListPaths = (
			);
			outputPaths = (
				"$(DERIVED_FILE_DIR)/Pods-DBXKit-checkManifestLockResult.txt",
			);
			runOnlyForDeploymentPostprocessing = 0;
			shellPath = /bin/sh;
			shellScript = "diff \"${PODS_PODFILE_DIR_PATH}/Podfile.lock\" \"${PODS_ROOT}/Manifest.lock\" > /dev/null\nif [ $? != 0 ] ; then\n    # print error to STDERR\n    echo \"error: The sandbox is not in sync with the Podfile.lock. Run 'pod install' or update your CocoaPods installation.\" >&2\n    exit 1\nfi\n# This output is used by Xcode 'outputs' to avoid re-running this script phase.\necho \"SUCCESS\" > \"${SCRIPT_OUTPUT_FILE_0}\"\n";
			showEnvVarsInLog = 0;
		};
		81AC1B588555D2D4357E9C9D /* [CP] Embed Pods Frameworks */ = {
			isa = PBXShellScriptBuildPhase;
			buildActionMask = 2147483647;
			files = (
			);
			inputFileListPaths = (
				"${PODS_ROOT}/Target Support Files/Pods-DBXKit/Pods-DBXKit-frameworks-${CONFIGURATION}-input-files.xcfilelist",
			);
			name = "[CP] Embed Pods Frameworks";
			outputFileListPaths = (
				"${PODS_ROOT}/Target Support Files/Pods-DBXKit/Pods-DBXKit-frameworks-${CONFIGURATION}-output-files.xcfilelist",
			);
			runOnlyForDeploymentPostprocessing = 0;
			shellPath = /bin/sh;
			shellScript = "\"${PODS_ROOT}/Target Support Files/Pods-DBXKit/Pods-DBXKit-frameworks.sh\"\n";
			showEnvVarsInLog = 0;
		};
/* End PBXShellScriptBuildPhase section */

/* Begin PBXSourcesBuildPhase section */
		2E95C26A2691C9FD00A2801A /* Sources */ = {
			isa = PBXSourcesBuildPhase;
			buildActionMask = 2147483647;
			files = (
				C8C2362F287FAF7A00AD75F1 /* UIApplication+DBXAR.m in Sources */,
				C881793126958BC900656441 /* NSDictionary+dbx_valuePath.m in Sources */,
				2E0482C8288259D200C69D08 /* UIView+DBXAR.m in Sources */,
				2E67BF6728968CD40024839C /* DBXGestureTarget.m in Sources */,
				2E0482D5288BFADF00C69D08 /* DBXViewUtils.m in Sources */,
				2EF739A8287AC793007B2A95 /* UIView+DBXCore.m in Sources */,
				2E95C2792691C9FD00A2801A /* ViewController.m in Sources */,
				2E95C2732691C9FD00A2801A /* AppDelegate.m in Sources */,
				C8767EE0269E869B005C0B2C /* MnaLabelsView.m in Sources */,
				2E95C2842691CA0100A2801A /* main.m in Sources */,
				C881793026958BC900656441 /* NSObject+dbx_modelValue.m in Sources */,
				2E67BF64289688280024839C /* UIGestureRecognizer+DBXAR.m in Sources */,
				2E0482CC2882C13100C69D08 /* TextAutoReportImpl.m in Sources */,
				C8767EE7269E898E005C0B2C /* DBXTextCollectionViewCell.m in Sources */,
				2EF739AC287AD405007B2A95 /* DBXAutoReportManager.m in Sources */,
				2E95C2762691C9FD00A2801A /* SceneDelegate.m in Sources */,
				C8DD74A928D30F1D00E08AA1 /* MnaIMMessageQueueManager.m in Sources */,
				2E0482C52882597500C69D08 /* DBXARUtils.m in Sources */,
				C8C2362C287FAD8600AD75F1 /* NSObject+DBXRuntime.m in Sources */,
				C8DD74A628D30DC000E08AA1 /* MnaTaskTimerManager.m in Sources */,
			);
			runOnlyForDeploymentPostprocessing = 0;
		};
/* End PBXSourcesBuildPhase section */

/* Begin PBXVariantGroup section */
		2E95C27A2691C9FD00A2801A /* Main.storyboard */ = {
			isa = PBXVariantGroup;
			children = (
				2E95C27B2691C9FD00A2801A /* Base */,
			);
			name = Main.storyboard;
			sourceTree = "<group>";
		};
		2E95C27F2691CA0100A2801A /* LaunchScreen.storyboard */ = {
			isa = PBXVariantGroup;
			children = (
				2E95C2802691CA0100A2801A /* Base */,
			);
			name = LaunchScreen.storyboard;
			sourceTree = "<group>";
		};
/* End PBXVariantGroup section */

/* Begin XCBuildConfiguration section */
		2E95C2852691CA0100A2801A /* Debug */ = {
			isa = XCBuildConfiguration;
			buildSettings = {
				ALWAYS_SEARCH_USER_PATHS = NO;
				CLANG_ANALYZER_NONNULL = YES;
				CLANG_ANALYZER_NUMBER_OBJECT_CONVERSION = YES_AGGRESSIVE;
				CLANG_CXX_LANGUAGE_STANDARD = "gnu++14";
				CLANG_CXX_LIBRARY = "libc++";
				CLANG_ENABLE_MODULES = YES;
				CLANG_ENABLE_OBJC_ARC = YES;
				CLANG_ENABLE_OBJC_WEAK = YES;
				CLANG_WARN_BLOCK_CAPTURE_AUTORELEASING = YES;
				CLANG_WARN_BOOL_CONVERSION = YES;
				CLANG_WARN_COMMA = YES;
				CLANG_WARN_CONSTANT_CONVERSION = YES;
				CLANG_WARN_DEPRECATED_OBJC_IMPLEMENTATIONS = YES;
				CLANG_WARN_DIRECT_OBJC_ISA_USAGE = YES_ERROR;
				CLANG_WARN_DOCUMENTATION_COMMENTS = YES;
				CLANG_WARN_EMPTY_BODY = YES;
				CLANG_WARN_ENUM_CONVERSION = YES;
				CLANG_WARN_INFINITE_RECURSION = YES;
				CLANG_WARN_INT_CONVERSION = YES;
				CLANG_WARN_NON_LITERAL_NULL_CONVERSION = YES;
				CLANG_WARN_OBJC_IMPLICIT_RETAIN_SELF = YES;
				CLANG_WARN_OBJC_LITERAL_CONVERSION = YES;
				CLANG_WARN_OBJC_ROOT_CLASS = YES_ERROR;
				CLANG_WARN_QUOTED_INCLUDE_IN_FRAMEWORK_HEADER = YES;
				CLANG_WARN_RANGE_LOOP_ANALYSIS = YES;
				CLANG_WARN_STRICT_PROTOTYPES = YES;
				CLANG_WARN_SUSPICIOUS_MOVE = YES;
				CLANG_WARN_UNGUARDED_AVAILABILITY = YES_AGGRESSIVE;
				CLANG_WARN_UNREACHABLE_CODE = YES;
				CLANG_WARN__DUPLICATE_METHOD_MATCH = YES;
				COPY_PHASE_STRIP = NO;
				DEBUG_INFORMATION_FORMAT = dwarf;
				ENABLE_STRICT_OBJC_MSGSEND = YES;
				ENABLE_TESTABILITY = YES;
				GCC_C_LANGUAGE_STANDARD = gnu11;
				GCC_DYNAMIC_NO_PIC = NO;
				GCC_NO_COMMON_BLOCKS = YES;
				GCC_OPTIMIZATION_LEVEL = 0;
				GCC_PREPROCESSOR_DEFINITIONS = (
					"DEBUG=1",
					"$(inherited)",
				);
				GCC_WARN_64_TO_32_BIT_CONVERSION = YES;
				GCC_WARN_ABOUT_RETURN_TYPE = YES_ERROR;
				GCC_WARN_UNDECLARED_SELECTOR = YES;
				GCC_WARN_UNINITIALIZED_AUTOS = YES_AGGRESSIVE;
				GCC_WARN_UNUSED_FUNCTION = YES;
				GCC_WARN_UNUSED_VARIABLE = YES;
				IPHONEOS_DEPLOYMENT_TARGET = 14.5;
				MTL_ENABLE_DEBUG_INFO = INCLUDE_SOURCE;
				MTL_FAST_MATH = YES;
				ONLY_ACTIVE_ARCH = YES;
				SDKROOT = iphoneos;
			};
			name = Debug;
		};
		2E95C2862691CA0100A2801A /* Release */ = {
			isa = XCBuildConfiguration;
			buildSettings = {
				ALWAYS_SEARCH_USER_PATHS = NO;
				CLANG_ANALYZER_NONNULL = YES;
				CLANG_ANALYZER_NUMBER_OBJECT_CONVERSION = YES_AGGRESSIVE;
				CLANG_CXX_LANGUAGE_STANDARD = "gnu++14";
				CLANG_CXX_LIBRARY = "libc++";
				CLANG_ENABLE_MODULES = YES;
				CLANG_ENABLE_OBJC_ARC = YES;
				CLANG_ENABLE_OBJC_WEAK = YES;
				CLANG_WARN_BLOCK_CAPTURE_AUTORELEASING = YES;
				CLANG_WARN_BOOL_CONVERSION = YES;
				CLANG_WARN_COMMA = YES;
				CLANG_WARN_CONSTANT_CONVERSION = YES;
				CLANG_WARN_DEPRECATED_OBJC_IMPLEMENTATIONS = YES;
				CLANG_WARN_DIRECT_OBJC_ISA_USAGE = YES_ERROR;
				CLANG_WARN_DOCUMENTATION_COMMENTS = YES;
				CLANG_WARN_EMPTY_BODY = YES;
				CLANG_WARN_ENUM_CONVERSION = YES;
				CLANG_WARN_INFINITE_RECURSION = YES;
				CLANG_WARN_INT_CONVERSION = YES;
				CLANG_WARN_NON_LITERAL_NULL_CONVERSION = YES;
				CLANG_WARN_OBJC_IMPLICIT_RETAIN_SELF = YES;
				CLANG_WARN_OBJC_LITERAL_CONVERSION = YES;
				CLANG_WARN_OBJC_ROOT_CLASS = YES_ERROR;
				CLANG_WARN_QUOTED_INCLUDE_IN_FRAMEWORK_HEADER = YES;
				CLANG_WARN_RANGE_LOOP_ANALYSIS = YES;
				CLANG_WARN_STRICT_PROTOTYPES = YES;
				CLANG_WARN_SUSPICIOUS_MOVE = YES;
				CLANG_WARN_UNGUARDED_AVAILABILITY = YES_AGGRESSIVE;
				CLANG_WARN_UNREACHABLE_CODE = YES;
				CLANG_WARN__DUPLICATE_METHOD_MATCH = YES;
				COPY_PHASE_STRIP = NO;
				DEBUG_INFORMATION_FORMAT = "dwarf-with-dsym";
				ENABLE_NS_ASSERTIONS = NO;
				ENABLE_STRICT_OBJC_MSGSEND = YES;
				GCC_C_LANGUAGE_STANDARD = gnu11;
				GCC_NO_COMMON_BLOCKS = YES;
				GCC_WARN_64_TO_32_BIT_CONVERSION = YES;
				GCC_WARN_ABOUT_RETURN_TYPE = YES_ERROR;
				GCC_WARN_UNDECLARED_SELECTOR = YES;
				GCC_WARN_UNINITIALIZED_AUTOS = YES_AGGRESSIVE;
				GCC_WARN_UNUSED_FUNCTION = YES;
				GCC_WARN_UNUSED_VARIABLE = YES;
				IPHONEOS_DEPLOYMENT_TARGET = 14.5;
				MTL_ENABLE_DEBUG_INFO = NO;
				MTL_FAST_MATH = YES;
				SDKROOT = iphoneos;
				VALIDATE_PRODUCT = YES;
			};
			name = Release;
		};
		2E95C2882691CA0100A2801A /* Debug */ = {
			isa = XCBuildConfiguration;
			baseConfigurationReference = 862E7400B3374E118EDD226F /* Pods-DBXKit.debug.xcconfig */;
			buildSettings = {
				ASSETCATALOG_COMPILER_APPICON_NAME = AppIcon;
				ASSETCATALOG_COMPILER_GLOBAL_ACCENT_COLOR_NAME = AccentColor;
				CODE_SIGN_STYLE = Automatic;
				INFOPLIST_FILE = DBXKit/Info.plist;
				LD_RUNPATH_SEARCH_PATHS = (
					"$(inherited)",
					"@executable_path/Frameworks",
				);
				PRODUCT_BUNDLE_IDENTIFIER = DBX.DBXKit;
				PRODUCT_NAME = "$(TARGET_NAME)";
				TARGETED_DEVICE_FAMILY = "1,2";
			};
			name = Debug;
		};
		2E95C2892691CA0100A2801A /* Release */ = {
			isa = XCBuildConfiguration;
			baseConfigurationReference = 1713F4135C3BA6C761A8A128 /* Pods-DBXKit.release.xcconfig */;
			buildSettings = {
				ASSETCATALOG_COMPILER_APPICON_NAME = AppIcon;
				ASSETCATALOG_COMPILER_GLOBAL_ACCENT_COLOR_NAME = AccentColor;
				CODE_SIGN_STYLE = Automatic;
				INFOPLIST_FILE = DBXKit/Info.plist;
				LD_RUNPATH_SEARCH_PATHS = (
					"$(inherited)",
					"@executable_path/Frameworks",
				);
				PRODUCT_BUNDLE_IDENTIFIER = DBX.DBXKit;
				PRODUCT_NAME = "$(TARGET_NAME)";
				TARGETED_DEVICE_FAMILY = "1,2";
			};
			name = Release;
		};
/* End XCBuildConfiguration section */

/* Begin XCConfigurationList section */
		2E95C2692691C9FD00A2801A /* Build configuration list for PBXProject "DBXKit" */ = {
			isa = XCConfigurationList;
			buildConfigurations = (
				2E95C2852691CA0100A2801A /* Debug */,
				2E95C2862691CA0100A2801A /* Release */,
			);
			defaultConfigurationIsVisible = 0;
			defaultConfigurationName = Release;
		};
		2E95C2872691CA0100A2801A /* Build configuration list for PBXNativeTarget "DBXKit" */ = {
			isa = XCConfigurationList;
			buildConfigurations = (
				2E95C2882691CA0100A2801A /* Debug */,
				2E95C2892691CA0100A2801A /* Release */,
			);
			defaultConfigurationIsVisible = 0;
			defaultConfigurationName = Release;
		};
/* End XCConfigurationList section */
	};
	rootObject = 2E95C2662691C9FD00A2801A /* Project object */;
}
